// !$*UTF8*$!
{
	archiveVersion = 1;
	classes = {
	};
	objectVersion = 56;
	objects = {

/* Begin PBXBuildFile section */
		0F4EA8597AA6B407F2CF7D5B /* Pods_SwiftDevLab.framework in Frameworks */ = {isa = PBXBuildFile; fileRef = A22E51A2C7EEC98CF53767F6 /* Pods_SwiftDevLab.framework */; };
		206FB550A055CD2DCB8929C9 /* Pods_SwiftDevLabTests.framework in Frameworks */ = {isa = PBXBuildFile; fileRef = C208CB994198D9C62F33E9BF /* Pods_SwiftDevLabTests.framework */; };
		C1AE7C1C2C32AA54004B2694 /* MapDrawVC.swift in Sources */ = {isa = PBXBuildFile; fileRef = C1AE7C1A2C32AA54004B2694 /* MapDrawVC.swift */; };
		C1AE7C1D2C32AA54004B2694 /* MapDrawVC.xib in Resources */ = {isa = PBXBuildFile; fileRef = C1AE7C1B2C32AA54004B2694 /* MapDrawVC.xib */; };
		C1B84D642C25778800FBD7D0 /* HomeVC.swift in Sources */ = {isa = PBXBuildFile; fileRef = C1B84D622C25778800FBD7D0 /* HomeVC.swift */; };
		C1B84D652C25778800FBD7D0 /* HomeVC.xib in Resources */ = {isa = PBXBuildFile; fileRef = C1B84D632C25778800FBD7D0 /* HomeVC.xib */; };
		C1B84D7C2C25872300FBD7D0 /* HomeViewModel.swift in Sources */ = {isa = PBXBuildFile; fileRef = C1B84D7B2C25872300FBD7D0 /* HomeViewModel.swift */; };
		C1EDDFC62C2AA2EF00D6FA62 /* Domain.framework in Copy Frameworks */ = {isa = PBXBuildFile; fileRef = C1EDDFC22C2AA28100D6FA62 /* Domain.framework */; settings = {ATTRIBUTES = (CodeSignOnCopy, RemoveHeadersOnCopy, ); }; };
		C1EDE0082C2B001700D6FA62 /* Presentation.framework in Copy Frameworks */ = {isa = PBXBuildFile; fileRef = C1EDE0012C2AFFC800D6FA62 /* Presentation.framework */; settings = {ATTRIBUTES = (CodeSignOnCopy, RemoveHeadersOnCopy, ); }; };
		C1F57E6D2C2439D800DD3B90 /* AppDelegate.swift in Sources */ = {isa = PBXBuildFile; fileRef = C1F57E6C2C2439D800DD3B90 /* AppDelegate.swift */; };
		C1F57E6F2C2439D800DD3B90 /* SceneDelegate.swift in Sources */ = {isa = PBXBuildFile; fileRef = C1F57E6E2C2439D800DD3B90 /* SceneDelegate.swift */; };
		C1F57E762C2439D800DD3B90 /* Assets.xcassets in Resources */ = {isa = PBXBuildFile; fileRef = C1F57E752C2439D800DD3B90 /* Assets.xcassets */; };
		C1F57E792C2439D800DD3B90 /* LaunchScreen.storyboard in Resources */ = {isa = PBXBuildFile; fileRef = C1F57E772C2439D800DD3B90 /* LaunchScreen.storyboard */; };
		C1F57E842C2439D900DD3B90 /* SwiftDevLabTests.swift in Sources */ = {isa = PBXBuildFile; fileRef = C1F57E832C2439D900DD3B90 /* SwiftDevLabTests.swift */; };
		C1F57E8E2C2439D900DD3B90 /* SwiftDevLabUITests.swift in Sources */ = {isa = PBXBuildFile; fileRef = C1F57E8D2C2439D900DD3B90 /* SwiftDevLabUITests.swift */; };
		C1F57E902C2439D900DD3B90 /* SwiftDevLabUITestsLaunchTests.swift in Sources */ = {isa = PBXBuildFile; fileRef = C1F57E8F2C2439D900DD3B90 /* SwiftDevLabUITestsLaunchTests.swift */; };
		C1F57EC12C243F1100DD3B90 /* MasterCoordinator.swift in Sources */ = {isa = PBXBuildFile; fileRef = C1F57EC02C243F1100DD3B90 /* MasterCoordinator.swift */; };
		C1F57ED92C24480300DD3B90 /* TestNavigateVC.swift in Sources */ = {isa = PBXBuildFile; fileRef = C1F57ED72C24480300DD3B90 /* TestNavigateVC.swift */; };
		C1F57EDA2C24480300DD3B90 /* TestNavigateVC.xib in Resources */ = {isa = PBXBuildFile; fileRef = C1F57ED82C24480300DD3B90 /* TestNavigateVC.xib */; };
		DF79ABB43920DF5AB4DFA85F /* Pods_SwiftDevLab_SwiftDevLabUITests.framework in Frameworks */ = {isa = PBXBuildFile; fileRef = E8B48B4197C65D3971D4CCE5 /* Pods_SwiftDevLab_SwiftDevLabUITests.framework */; };
/* End PBXBuildFile section */

/* Begin PBXContainerItemProxy section */
		C1EDDFC12C2AA28100D6FA62 /* PBXContainerItemProxy */ = {
			isa = PBXContainerItemProxy;
			containerPortal = C1EDDFBC2C2AA28100D6FA62 /* Domain.xcodeproj */;
			proxyType = 2;
			remoteGlobalIDString = C1EDDFA12C2AA13E00D6FA62;
			remoteInfo = Domain;
		};
		C1EDDFC32C2AA28100D6FA62 /* PBXContainerItemProxy */ = {
			isa = PBXContainerItemProxy;
			containerPortal = C1EDDFBC2C2AA28100D6FA62 /* Domain.xcodeproj */;
			proxyType = 2;
			remoteGlobalIDString = C1EDDFAB2C2AA13E00D6FA62;
			remoteInfo = DomainTests;
		};
		C1EDE0002C2AFFC800D6FA62 /* PBXContainerItemProxy */ = {
			isa = PBXContainerItemProxy;
			containerPortal = C1EDDFF92C2AFFC800D6FA62 /* Presentation.xcodeproj */;
			proxyType = 2;
			remoteGlobalIDString = C1EDDFDF2C2AFFAC00D6FA62;
			remoteInfo = Presentation;
		};
		C1EDE0022C2AFFC800D6FA62 /* PBXContainerItemProxy */ = {
			isa = PBXContainerItemProxy;
			containerPortal = C1EDDFF92C2AFFC800D6FA62 /* Presentation.xcodeproj */;
			proxyType = 2;
			remoteGlobalIDString = C1EDDFE92C2AFFAC00D6FA62;
			remoteInfo = PresentationTests;
		};
		C1F57E802C2439D900DD3B90 /* PBXContainerItemProxy */ = {
			isa = PBXContainerItemProxy;
			containerPortal = C1F57E612C2439D800DD3B90 /* Project object */;
			proxyType = 1;
			remoteGlobalIDString = C1F57E682C2439D800DD3B90;
			remoteInfo = SwiftDevLab;
		};
		C1F57E8A2C2439D900DD3B90 /* PBXContainerItemProxy */ = {
			isa = PBXContainerItemProxy;
			containerPortal = C1F57E612C2439D800DD3B90 /* Project object */;
			proxyType = 1;
			remoteGlobalIDString = C1F57E682C2439D800DD3B90;
			remoteInfo = SwiftDevLab;
		};
/* End PBXContainerItemProxy section */

/* Begin PBXCopyFilesBuildPhase section */
		C1EDDFC52C2AA2B300D6FA62 /* Copy Frameworks */ = {
			isa = PBXCopyFilesBuildPhase;
			buildActionMask = 2147483647;
			dstPath = "";
			dstSubfolderSpec = 10;
			files = (
				C1EDDFC62C2AA2EF00D6FA62 /* Domain.framework in Copy Frameworks */,
				C1EDE0082C2B001700D6FA62 /* Presentation.framework in Copy Frameworks */,
			);
			name = "Copy Frameworks";
			runOnlyForDeploymentPostprocessing = 0;
		};
/* End PBXCopyFilesBuildPhase section */

/* Begin PBXFileReference section */
		0B9DDCDF7E62607A65F30EAB /* Pods-SwiftDevLab.release.xcconfig */ = {isa = PBXFileReference; includeInIndex = 1; lastKnownFileType = text.xcconfig; name = "Pods-SwiftDevLab.release.xcconfig"; path = "Target Support Files/Pods-SwiftDevLab/Pods-SwiftDevLab.release.xcconfig"; sourceTree = "<group>"; };
		2780D4EEA4F0E247B7DBFAE4 /* Pods-SwiftDevLab-SwiftDevLabUITests.release.xcconfig */ = {isa = PBXFileReference; includeInIndex = 1; lastKnownFileType = text.xcconfig; name = "Pods-SwiftDevLab-SwiftDevLabUITests.release.xcconfig"; path = "Target Support Files/Pods-SwiftDevLab-SwiftDevLabUITests/Pods-SwiftDevLab-SwiftDevLabUITests.release.xcconfig"; sourceTree = "<group>"; };
		859A72BEEFC61ABE70D8FD0A /* Pods-SwiftDevLab.debug.xcconfig */ = {isa = PBXFileReference; includeInIndex = 1; lastKnownFileType = text.xcconfig; name = "Pods-SwiftDevLab.debug.xcconfig"; path = "Target Support Files/Pods-SwiftDevLab/Pods-SwiftDevLab.debug.xcconfig"; sourceTree = "<group>"; };
		9133A8C5617FC4046016972C /* Pods-SwiftDevLab-SwiftDevLabUITests.debug.xcconfig */ = {isa = PBXFileReference; includeInIndex = 1; lastKnownFileType = text.xcconfig; name = "Pods-SwiftDevLab-SwiftDevLabUITests.debug.xcconfig"; path = "Target Support Files/Pods-SwiftDevLab-SwiftDevLabUITests/Pods-SwiftDevLab-SwiftDevLabUITests.debug.xcconfig"; sourceTree = "<group>"; };
		A22E51A2C7EEC98CF53767F6 /* Pods_SwiftDevLab.framework */ = {isa = PBXFileReference; explicitFileType = wrapper.framework; includeInIndex = 0; path = Pods_SwiftDevLab.framework; sourceTree = BUILT_PRODUCTS_DIR; };
		B16141FD6BCAB994EC15728E /* Pods-SwiftDevLabTests.debug.xcconfig */ = {isa = PBXFileReference; includeInIndex = 1; lastKnownFileType = text.xcconfig; name = "Pods-SwiftDevLabTests.debug.xcconfig"; path = "Target Support Files/Pods-SwiftDevLabTests/Pods-SwiftDevLabTests.debug.xcconfig"; sourceTree = "<group>"; };
		C1AE7C1A2C32AA54004B2694 /* MapDrawVC.swift */ = {isa = PBXFileReference; lastKnownFileType = sourcecode.swift; path = MapDrawVC.swift; sourceTree = "<group>"; };
		C1AE7C1B2C32AA54004B2694 /* MapDrawVC.xib */ = {isa = PBXFileReference; lastKnownFileType = file.xib; path = MapDrawVC.xib; sourceTree = "<group>"; };
		C1B84D622C25778800FBD7D0 /* HomeVC.swift */ = {isa = PBXFileReference; lastKnownFileType = sourcecode.swift; path = HomeVC.swift; sourceTree = "<group>"; };
		C1B84D632C25778800FBD7D0 /* HomeVC.xib */ = {isa = PBXFileReference; lastKnownFileType = file.xib; path = HomeVC.xib; sourceTree = "<group>"; };
		C1B84D7B2C25872300FBD7D0 /* HomeViewModel.swift */ = {isa = PBXFileReference; lastKnownFileType = sourcecode.swift; path = HomeViewModel.swift; sourceTree = "<group>"; };
		C1EDDFBC2C2AA28100D6FA62 /* Domain.xcodeproj */ = {isa = PBXFileReference; lastKnownFileType = "wrapper.pb-project"; name = Domain.xcodeproj; path = Domain/Domain.xcodeproj; sourceTree = SOURCE_ROOT; };
		C1EDDFF92C2AFFC800D6FA62 /* Presentation.xcodeproj */ = {isa = PBXFileReference; lastKnownFileType = "wrapper.pb-project"; name = Presentation.xcodeproj; path = Presentation/Presentation.xcodeproj; sourceTree = SOURCE_ROOT; };
		C1F57E692C2439D800DD3B90 /* SwiftDevLab.app */ = {isa = PBXFileReference; explicitFileType = wrapper.application; includeInIndex = 0; path = SwiftDevLab.app; sourceTree = BUILT_PRODUCTS_DIR; };
		C1F57E6C2C2439D800DD3B90 /* AppDelegate.swift */ = {isa = PBXFileReference; lastKnownFileType = sourcecode.swift; path = AppDelegate.swift; sourceTree = "<group>"; };
		C1F57E6E2C2439D800DD3B90 /* SceneDelegate.swift */ = {isa = PBXFileReference; lastKnownFileType = sourcecode.swift; path = SceneDelegate.swift; sourceTree = "<group>"; };
		C1F57E752C2439D800DD3B90 /* Assets.xcassets */ = {isa = PBXFileReference; lastKnownFileType = folder.assetcatalog; path = Assets.xcassets; sourceTree = "<group>"; };
		C1F57E782C2439D800DD3B90 /* Base */ = {isa = PBXFileReference; lastKnownFileType = file.storyboard; name = Base; path = Base.lproj/LaunchScreen.storyboard; sourceTree = "<group>"; };
		C1F57E7A2C2439D800DD3B90 /* Info.plist */ = {isa = PBXFileReference; lastKnownFileType = text.plist.xml; path = Info.plist; sourceTree = "<group>"; };
		C1F57E7F2C2439D900DD3B90 /* SwiftDevLabTests.xctest */ = {isa = PBXFileReference; explicitFileType = wrapper.cfbundle; includeInIndex = 0; path = SwiftDevLabTests.xctest; sourceTree = BUILT_PRODUCTS_DIR; };
		C1F57E832C2439D900DD3B90 /* SwiftDevLabTests.swift */ = {isa = PBXFileReference; lastKnownFileType = sourcecode.swift; path = SwiftDevLabTests.swift; sourceTree = "<group>"; };
		C1F57E892C2439D900DD3B90 /* SwiftDevLabUITests.xctest */ = {isa = PBXFileReference; explicitFileType = wrapper.cfbundle; includeInIndex = 0; path = SwiftDevLabUITests.xctest; sourceTree = BUILT_PRODUCTS_DIR; };
		C1F57E8D2C2439D900DD3B90 /* SwiftDevLabUITests.swift */ = {isa = PBXFileReference; lastKnownFileType = sourcecode.swift; path = SwiftDevLabUITests.swift; sourceTree = "<group>"; };
		C1F57E8F2C2439D900DD3B90 /* SwiftDevLabUITestsLaunchTests.swift */ = {isa = PBXFileReference; lastKnownFileType = sourcecode.swift; path = SwiftDevLabUITestsLaunchTests.swift; sourceTree = "<group>"; };
		C1F57EC02C243F1100DD3B90 /* MasterCoordinator.swift */ = {isa = PBXFileReference; lastKnownFileType = sourcecode.swift; path = MasterCoordinator.swift; sourceTree = "<group>"; };
		C1F57ED72C24480300DD3B90 /* TestNavigateVC.swift */ = {isa = PBXFileReference; lastKnownFileType = sourcecode.swift; path = TestNavigateVC.swift; sourceTree = "<group>"; };
		C1F57ED82C24480300DD3B90 /* TestNavigateVC.xib */ = {isa = PBXFileReference; lastKnownFileType = file.xib; path = TestNavigateVC.xib; sourceTree = "<group>"; };
		C208CB994198D9C62F33E9BF /* Pods_SwiftDevLabTests.framework */ = {isa = PBXFileReference; explicitFileType = wrapper.framework; includeInIndex = 0; path = Pods_SwiftDevLabTests.framework; sourceTree = BUILT_PRODUCTS_DIR; };
		E8B48B4197C65D3971D4CCE5 /* Pods_SwiftDevLab_SwiftDevLabUITests.framework */ = {isa = PBXFileReference; explicitFileType = wrapper.framework; includeInIndex = 0; path = Pods_SwiftDevLab_SwiftDevLabUITests.framework; sourceTree = BUILT_PRODUCTS_DIR; };
		F486E9A6492863F32E9FAB5B /* Pods-SwiftDevLabTests.release.xcconfig */ = {isa = PBXFileReference; includeInIndex = 1; lastKnownFileType = text.xcconfig; name = "Pods-SwiftDevLabTests.release.xcconfig"; path = "Target Support Files/Pods-SwiftDevLabTests/Pods-SwiftDevLabTests.release.xcconfig"; sourceTree = "<group>"; };
/* End PBXFileReference section */

/* Begin PBXFrameworksBuildPhase section */
		C1F57E662C2439D800DD3B90 /* Frameworks */ = {
			isa = PBXFrameworksBuildPhase;
			buildActionMask = 2147483647;
			files = (
				0F4EA8597AA6B407F2CF7D5B /* Pods_SwiftDevLab.framework in Frameworks */,
			);
			runOnlyForDeploymentPostprocessing = 0;
		};
		C1F57E7C2C2439D900DD3B90 /* Frameworks */ = {
			isa = PBXFrameworksBuildPhase;
			buildActionMask = 2147483647;
			files = (
				206FB550A055CD2DCB8929C9 /* Pods_SwiftDevLabTests.framework in Frameworks */,
			);
			runOnlyForDeploymentPostprocessing = 0;
		};
		C1F57E862C2439D900DD3B90 /* Frameworks */ = {
			isa = PBXFrameworksBuildPhase;
			buildActionMask = 2147483647;
			files = (
				DF79ABB43920DF5AB4DFA85F /* Pods_SwiftDevLab_SwiftDevLabUITests.framework in Frameworks */,
			);
			runOnlyForDeploymentPostprocessing = 0;
		};
/* End PBXFrameworksBuildPhase section */

/* Begin PBXGroup section */
		1CAFD407CCAAB0F0F21DB95D /* Pods */ = {
			isa = PBXGroup;
			children = (
				859A72BEEFC61ABE70D8FD0A /* Pods-SwiftDevLab.debug.xcconfig */,
				0B9DDCDF7E62607A65F30EAB /* Pods-SwiftDevLab.release.xcconfig */,
				9133A8C5617FC4046016972C /* Pods-SwiftDevLab-SwiftDevLabUITests.debug.xcconfig */,
				2780D4EEA4F0E247B7DBFAE4 /* Pods-SwiftDevLab-SwiftDevLabUITests.release.xcconfig */,
				B16141FD6BCAB994EC15728E /* Pods-SwiftDevLabTests.debug.xcconfig */,
				F486E9A6492863F32E9FAB5B /* Pods-SwiftDevLabTests.release.xcconfig */,
			);
			path = Pods;
			sourceTree = "<group>";
		};
		35C0E6FEC11CF9FEBAEF6F48 /* Frameworks */ = {
			isa = PBXGroup;
			children = (
				A22E51A2C7EEC98CF53767F6 /* Pods_SwiftDevLab.framework */,
				E8B48B4197C65D3971D4CCE5 /* Pods_SwiftDevLab_SwiftDevLabUITests.framework */,
				C208CB994198D9C62F33E9BF /* Pods_SwiftDevLabTests.framework */,
			);
			name = Frameworks;
			sourceTree = "<group>";
		};
		C1EDDFBB2C2AA1F800D6FA62 /* Dependencies */ = {
			isa = PBXGroup;
			children = (
				C1EDDFF92C2AFFC800D6FA62 /* Presentation.xcodeproj */,
				C1EDDFBC2C2AA28100D6FA62 /* Domain.xcodeproj */,
			);
			path = Dependencies;
			sourceTree = "<group>";
		};
		C1EDDFBD2C2AA28100D6FA62 /* Products */ = {
			isa = PBXGroup;
			children = (
				C1EDDFC22C2AA28100D6FA62 /* Domain.framework */,
				C1EDDFC42C2AA28100D6FA62 /* DomainTests.xctest */,
			);
			name = Products;
			sourceTree = "<group>";
		};
		C1EDDFFA2C2AFFC800D6FA62 /* Products */ = {
			isa = PBXGroup;
			children = (
				C1EDE0012C2AFFC800D6FA62 /* Presentation.framework */,
				C1EDE0032C2AFFC800D6FA62 /* PresentationTests.xctest */,
			);
			name = Products;
			sourceTree = "<group>";
		};
		C1F57E602C2439D800DD3B90 = {
			isa = PBXGroup;
			children = (
				C1EDDFBB2C2AA1F800D6FA62 /* Dependencies */,
				C1F57E6B2C2439D800DD3B90 /* SwiftDevLab */,
				C1F57E822C2439D900DD3B90 /* SwiftDevLabTests */,
				C1F57E8C2C2439D900DD3B90 /* SwiftDevLabUITests */,
				C1F57E6A2C2439D800DD3B90 /* Products */,
				1CAFD407CCAAB0F0F21DB95D /* Pods */,
				35C0E6FEC11CF9FEBAEF6F48 /* Frameworks */,
			);
			sourceTree = "<group>";
		};
		C1F57E6A2C2439D800DD3B90 /* Products */ = {
			isa = PBXGroup;
			children = (
				C1F57E692C2439D800DD3B90 /* SwiftDevLab.app */,
				C1F57E7F2C2439D900DD3B90 /* SwiftDevLabTests.xctest */,
				C1F57E892C2439D900DD3B90 /* SwiftDevLabUITests.xctest */,
			);
			name = Products;
			sourceTree = "<group>";
		};
		C1F57E6B2C2439D800DD3B90 /* SwiftDevLab */ = {
			isa = PBXGroup;
			children = (
				C1F57E6C2C2439D800DD3B90 /* AppDelegate.swift */,
				C1F57E6E2C2439D800DD3B90 /* SceneDelegate.swift */,
				C1F57E752C2439D800DD3B90 /* Assets.xcassets */,
				C1F57E772C2439D800DD3B90 /* LaunchScreen.storyboard */,
				C1F57E7A2C2439D800DD3B90 /* Info.plist */,
				C1F57EC02C243F1100DD3B90 /* MasterCoordinator.swift */,
				C1F57ED72C24480300DD3B90 /* TestNavigateVC.swift */,
				C1F57ED82C24480300DD3B90 /* TestNavigateVC.xib */,
				C1B84D622C25778800FBD7D0 /* HomeVC.swift */,
				C1B84D632C25778800FBD7D0 /* HomeVC.xib */,
				C1B84D7B2C25872300FBD7D0 /* HomeViewModel.swift */,
				C1AE7C1A2C32AA54004B2694 /* MapDrawVC.swift */,
				C1AE7C1B2C32AA54004B2694 /* MapDrawVC.xib */,
			);
			path = SwiftDevLab;
			sourceTree = "<group>";
		};
		C1F57E822C2439D900DD3B90 /* SwiftDevLabTests */ = {
			isa = PBXGroup;
			children = (
				C1F57E832C2439D900DD3B90 /* SwiftDevLabTests.swift */,
			);
			path = SwiftDevLabTests;
			sourceTree = "<group>";
		};
		C1F57E8C2C2439D900DD3B90 /* SwiftDevLabUITests */ = {
			isa = PBXGroup;
			children = (
				C1F57E8D2C2439D900DD3B90 /* SwiftDevLabUITests.swift */,
				C1F57E8F2C2439D900DD3B90 /* SwiftDevLabUITestsLaunchTests.swift */,
			);
			path = SwiftDevLabUITests;
			sourceTree = "<group>";
		};
/* End PBXGroup section */

/* Begin PBXNativeTarget section */
		C1F57E682C2439D800DD3B90 /* SwiftDevLab */ = {
			isa = PBXNativeTarget;
			buildConfigurationList = C1F57E932C2439D900DD3B90 /* Build configuration list for PBXNativeTarget "SwiftDevLab" */;
			buildPhases = (
				4393ED35D9B85A93ACDF5B57 /* [CP] Check Pods Manifest.lock */,
				C1F57E652C2439D800DD3B90 /* Sources */,
				C1F57E662C2439D800DD3B90 /* Frameworks */,
				C1F57E672C2439D800DD3B90 /* Resources */,
				C1EDDFC52C2AA2B300D6FA62 /* Copy Frameworks */,
			);
			buildRules = (
			);
			dependencies = (
			);
			name = SwiftDevLab;
			productName = SwiftDevLab;
			productReference = C1F57E692C2439D800DD3B90 /* SwiftDevLab.app */;
			productType = "com.apple.product-type.application";
		};
		C1F57E7E2C2439D900DD3B90 /* SwiftDevLabTests */ = {
			isa = PBXNativeTarget;
			buildConfigurationList = C1F57E962C2439D900DD3B90 /* Build configuration list for PBXNativeTarget "SwiftDevLabTests" */;
			buildPhases = (
				F4B5792BE4CA875412FF7605 /* [CP] Check Pods Manifest.lock */,
				C1F57E7B2C2439D900DD3B90 /* Sources */,
				C1F57E7C2C2439D900DD3B90 /* Frameworks */,
				C1F57E7D2C2439D900DD3B90 /* Resources */,
			);
			buildRules = (
			);
			dependencies = (
				C1F57E812C2439D900DD3B90 /* PBXTargetDependency */,
			);
			name = SwiftDevLabTests;
			productName = SwiftDevLabTests;
			productReference = C1F57E7F2C2439D900DD3B90 /* SwiftDevLabTests.xctest */;
			productType = "com.apple.product-type.bundle.unit-test";
		};
		C1F57E882C2439D900DD3B90 /* SwiftDevLabUITests */ = {
			isa = PBXNativeTarget;
			buildConfigurationList = C1F57E992C2439D900DD3B90 /* Build configuration list for PBXNativeTarget "SwiftDevLabUITests" */;
			buildPhases = (
				2E349B3D213B7229FE0D53DD /* [CP] Check Pods Manifest.lock */,
				C1F57E852C2439D900DD3B90 /* Sources */,
				C1F57E862C2439D900DD3B90 /* Frameworks */,
				C1F57E872C2439D900DD3B90 /* Resources */,
			);
			buildRules = (
			);
			dependencies = (
				C1F57E8B2C2439D900DD3B90 /* PBXTargetDependency */,
			);
			name = SwiftDevLabUITests;
			productName = SwiftDevLabUITests;
			productReference = C1F57E892C2439D900DD3B90 /* SwiftDevLabUITests.xctest */;
			productType = "com.apple.product-type.bundle.ui-testing";
		};
/* End PBXNativeTarget section */

/* Begin PBXProject section */
		C1F57E612C2439D800DD3B90 /* Project object */ = {
			isa = PBXProject;
			attributes = {
				BuildIndependentTargetsInParallel = 1;
				LastSwiftUpdateCheck = 1520;
				LastUpgradeCheck = 1520;
				TargetAttributes = {
					C1F57E682C2439D800DD3B90 = {
						CreatedOnToolsVersion = 15.2;
					};
					C1F57E7E2C2439D900DD3B90 = {
						CreatedOnToolsVersion = 15.2;
						TestTargetID = C1F57E682C2439D800DD3B90;
					};
					C1F57E882C2439D900DD3B90 = {
						CreatedOnToolsVersion = 15.2;
						TestTargetID = C1F57E682C2439D800DD3B90;
					};
				};
			};
			buildConfigurationList = C1F57E642C2439D800DD3B90 /* Build configuration list for PBXProject "SwiftDevLab" */;
			compatibilityVersion = "Xcode 14.0";
			developmentRegion = en;
			hasScannedForEncodings = 0;
			knownRegions = (
				en,
				Base,
			);
			mainGroup = C1F57E602C2439D800DD3B90;
			productRefGroup = C1F57E6A2C2439D800DD3B90 /* Products */;
			projectDirPath = "";
			projectReferences = (
				{
					ProductGroup = C1EDDFBD2C2AA28100D6FA62 /* Products */;
					ProjectRef = C1EDDFBC2C2AA28100D6FA62 /* Domain.xcodeproj */;
				},
				{
					ProductGroup = C1EDDFFA2C2AFFC800D6FA62 /* Products */;
					ProjectRef = C1EDDFF92C2AFFC800D6FA62 /* Presentation.xcodeproj */;
				},
			);
			projectRoot = "";
			targets = (
				C1F57E682C2439D800DD3B90 /* SwiftDevLab */,
				C1F57E7E2C2439D900DD3B90 /* SwiftDevLabTests */,
				C1F57E882C2439D900DD3B90 /* SwiftDevLabUITests */,
			);
		};
/* End PBXProject section */

/* Begin PBXReferenceProxy section */
		C1EDDFC22C2AA28100D6FA62 /* Domain.framework */ = {
			isa = PBXReferenceProxy;
			fileType = wrapper.framework;
			path = Domain.framework;
			remoteRef = C1EDDFC12C2AA28100D6FA62 /* PBXContainerItemProxy */;
			sourceTree = BUILT_PRODUCTS_DIR;
		};
		C1EDDFC42C2AA28100D6FA62 /* DomainTests.xctest */ = {
			isa = PBXReferenceProxy;
			fileType = wrapper.cfbundle;
			path = DomainTests.xctest;
			remoteRef = C1EDDFC32C2AA28100D6FA62 /* PBXContainerItemProxy */;
			sourceTree = BUILT_PRODUCTS_DIR;
		};
		C1EDE0012C2AFFC800D6FA62 /* Presentation.framework */ = {
			isa = PBXReferenceProxy;
			fileType = wrapper.framework;
			path = Presentation.framework;
			remoteRef = C1EDE0002C2AFFC800D6FA62 /* PBXContainerItemProxy */;
			sourceTree = BUILT_PRODUCTS_DIR;
		};
		C1EDE0032C2AFFC800D6FA62 /* PresentationTests.xctest */ = {
			isa = PBXReferenceProxy;
			fileType = wrapper.cfbundle;
			path = PresentationTests.xctest;
			remoteRef = C1EDE0022C2AFFC800D6FA62 /* PBXContainerItemProxy */;
			sourceTree = BUILT_PRODUCTS_DIR;
		};
/* End PBXReferenceProxy section */

/* Begin PBXResourcesBuildPhase section */
		C1F57E672C2439D800DD3B90 /* Resources */ = {
			isa = PBXResourcesBuildPhase;
			buildActionMask = 2147483647;
			files = (
				C1F57E792C2439D800DD3B90 /* LaunchScreen.storyboard in Resources */,
				C1B84D652C25778800FBD7D0 /* HomeVC.xib in Resources */,
				C1AE7C1D2C32AA54004B2694 /* MapDrawVC.xib in Resources */,
				C1F57E762C2439D800DD3B90 /* Assets.xcassets in Resources */,
				C1F57EDA2C24480300DD3B90 /* TestNavigateVC.xib in Resources */,
			);
			runOnlyForDeploymentPostprocessing = 0;
		};
		C1F57E7D2C2439D900DD3B90 /* Resources */ = {
			isa = PBXResourcesBuildPhase;
			buildActionMask = 2147483647;
			files = (
			);
			runOnlyForDeploymentPostprocessing = 0;
		};
		C1F57E872C2439D900DD3B90 /* Resources */ = {
			isa = PBXResourcesBuildPhase;
			buildActionMask = 2147483647;
			files = (
			);
			runOnlyForDeploymentPostprocessing = 0;
		};
/* End PBXResourcesBuildPhase section */

/* Begin PBXShellScriptBuildPhase section */
		2E349B3D213B7229FE0D53DD /* [CP] Check Pods Manifest.lock */ = {
			isa = PBXShellScriptBuildPhase;
			buildActionMask = 2147483647;
			files = (
			);
			inputFileListPaths = (
			);
			inputPaths = (
				"${PODS_PODFILE_DIR_PATH}/Podfile.lock",
				"${PODS_ROOT}/Manifest.lock",
			);
			name = "[CP] Check Pods Manifest.lock";
			outputFileListPaths = (
			);
			outputPaths = (
				"$(DERIVED_FILE_DIR)/Pods-SwiftDevLab-SwiftDevLabUITests-checkManifestLockResult.txt",
			);
			runOnlyForDeploymentPostprocessing = 0;
			shellPath = /bin/sh;
			shellScript = "diff \"${PODS_PODFILE_DIR_PATH}/Podfile.lock\" \"${PODS_ROOT}/Manifest.lock\" > /dev/null\nif [ $? != 0 ] ; then\n    # print error to STDERR\n    echo \"error: The sandbox is not in sync with the Podfile.lock. Run 'pod install' or update your CocoaPods installation.\" >&2\n    exit 1\nfi\n# This output is used by Xcode 'outputs' to avoid re-running this script phase.\necho \"SUCCESS\" > \"${SCRIPT_OUTPUT_FILE_0}\"\n";
			showEnvVarsInLog = 0;
		};
		4393ED35D9B85A93ACDF5B57 /* [CP] Check Pods Manifest.lock */ = {
			isa = PBXShellScriptBuildPhase;
			buildActionMask = 2147483647;
			files = (
			);
			inputFileListPaths = (
			);
			inputPaths = (
				"${PODS_PODFILE_DIR_PATH}/Podfile.lock",
				"${PODS_ROOT}/Manifest.lock",
			);
			name = "[CP] Check Pods Manifest.lock";
			outputFileListPaths = (
			);
			outputPaths = (
				"$(DERIVED_FILE_DIR)/Pods-SwiftDevLab-checkManifestLockResult.txt",
			);
			runOnlyForDeploymentPostprocessing = 0;
			shellPath = /bin/sh;
			shellScript = "diff \"${PODS_PODFILE_DIR_PATH}/Podfile.lock\" \"${PODS_ROOT}/Manifest.lock\" > /dev/null\nif [ $? != 0 ] ; then\n    # print error to STDERR\n    echo \"error: The sandbox is not in sync with the Podfile.lock. Run 'pod install' or update your CocoaPods installation.\" >&2\n    exit 1\nfi\n# This output is used by Xcode 'outputs' to avoid re-running this script phase.\necho \"SUCCESS\" > \"${SCRIPT_OUTPUT_FILE_0}\"\n";
			showEnvVarsInLog = 0;
		};
		F4B5792BE4CA875412FF7605 /* [CP] Check Pods Manifest.lock */ = {
			isa = PBXShellScriptBuildPhase;
			buildActionMask = 2147483647;
			files = (
			);
			inputFileListPaths = (
			);
			inputPaths = (
				"${PODS_PODFILE_DIR_PATH}/Podfile.lock",
				"${PODS_ROOT}/Manifest.lock",
			);
			name = "[CP] Check Pods Manifest.lock";
			outputFileListPaths = (
			);
			outputPaths = (
				"$(DERIVED_FILE_DIR)/Pods-SwiftDevLabTests-checkManifestLockResult.txt",
			);
			runOnlyForDeploymentPostprocessing = 0;
			shellPath = /bin/sh;
			shellScript = "diff \"${PODS_PODFILE_DIR_PATH}/Podfile.lock\" \"${PODS_ROOT}/Manifest.lock\" > /dev/null\nif [ $? != 0 ] ; then\n    # print error to STDERR\n    echo \"error: The sandbox is not in sync with the Podfile.lock. Run 'pod install' or update your CocoaPods installation.\" >&2\n    exit 1\nfi\n# This output is used by Xcode 'outputs' to avoid re-running this script phase.\necho \"SUCCESS\" > \"${SCRIPT_OUTPUT_FILE_0}\"\n";
			showEnvVarsInLog = 0;
		};
/* End PBXShellScriptBuildPhase section */

/* Begin PBXSourcesBuildPhase section */
		C1F57E652C2439D800DD3B90 /* Sources */ = {
			isa = PBXSourcesBuildPhase;
			buildActionMask = 2147483647;
			files = (
				C1B84D642C25778800FBD7D0 /* HomeVC.swift in Sources */,
				C1B84D7C2C25872300FBD7D0 /* HomeViewModel.swift in Sources */,
				C1AE7C1C2C32AA54004B2694 /* MapDrawVC.swift in Sources */,
				C1F57EC12C243F1100DD3B90 /* MasterCoordinator.swift in Sources */,
				C1F57ED92C24480300DD3B90 /* TestNavigateVC.swift in Sources */,
				C1F57E6D2C2439D800DD3B90 /* AppDelegate.swift in Sources */,
				C1F57E6F2C2439D800DD3B90 /* SceneDelegate.swift in Sources */,
			);
			runOnlyForDeploymentPostprocessing = 0;
		};
		C1F57E7B2C2439D900DD3B90 /* Sources */ = {
			isa = PBXSourcesBuildPhase;
			buildActionMask = 2147483647;
			files = (
				C1F57E842C2439D900DD3B90 /* SwiftDevLabTests.swift in Sources */,
			);
			runOnlyForDeploymentPostprocessing = 0;
		};
		C1F57E852C2439D900DD3B90 /* Sources */ = {
			isa = PBXSourcesBuildPhase;
			buildActionMask = 2147483647;
			files = (
				C1F57E902C2439D900DD3B90 /* SwiftDevLabUITestsLaunchTests.swift in Sources */,
				C1F57E8E2C2439D900DD3B90 /* SwiftDevLabUITests.swift in Sources */,
			);
			runOnlyForDeploymentPostprocessing = 0;
		};
/* End PBXSourcesBuildPhase section */

/* Begin PBXTargetDependency section */
		C1F57E812C2439D900DD3B90 /* PBXTargetDependency */ = {
			isa = PBXTargetDependency;
			target = C1F57E682C2439D800DD3B90 /* SwiftDevLab */;
			targetProxy = C1F57E802C2439D900DD3B90 /* PBXContainerItemProxy */;
		};
		C1F57E8B2C2439D900DD3B90 /* PBXTargetDependency */ = {
			isa = PBXTargetDependency;
			target = C1F57E682C2439D800DD3B90 /* SwiftDevLab */;
			targetProxy = C1F57E8A2C2439D900DD3B90 /* PBXContainerItemProxy */;
		};
/* End PBXTargetDependency section */

/* Begin PBXVariantGroup section */
		C1F57E772C2439D800DD3B90 /* LaunchScreen.storyboard */ = {
			isa = PBXVariantGroup;
			children = (
				C1F57E782C2439D800DD3B90 /* Base */,
			);
			name = LaunchScreen.storyboard;
			sourceTree = "<group>";
		};
/* End PBXVariantGroup section */

/* Begin XCBuildConfiguration section */
		C1F57E912C2439D900DD3B90 /* Debug */ = {
			isa = XCBuildConfiguration;
			buildSettings = {
				ALWAYS_SEARCH_USER_PATHS = NO;
				ASSETCATALOG_COMPILER_GENERATE_SWIFT_ASSET_SYMBOL_EXTENSIONS = YES;
				CLANG_ANALYZER_NONNULL = YES;
				CLANG_ANALYZER_NUMBER_OBJECT_CONVERSION = YES_AGGRESSIVE;
				CLANG_CXX_LANGUAGE_STANDARD = "gnu++20";
				CLANG_ENABLE_MODULES = YES;
				CLANG_ENABLE_OBJC_ARC = YES;
				CLANG_ENABLE_OBJC_WEAK = YES;
				CLANG_WARN_BLOCK_CAPTURE_AUTORELEASING = YES;
				CLANG_WARN_BOOL_CONVERSION = YES;
				CLANG_WARN_COMMA = YES;
				CLANG_WARN_CONSTANT_CONVERSION = YES;
				CLANG_WARN_DEPRECATED_OBJC_IMPLEMENTATIONS = YES;
				CLANG_WARN_DIRECT_OBJC_ISA_USAGE = YES_ERROR;
				CLANG_WARN_DOCUMENTATION_COMMENTS = YES;
				CLANG_WARN_EMPTY_BODY = YES;
				CLANG_WARN_ENUM_CONVERSION = YES;
				CLANG_WARN_INFINITE_RECURSION = YES;
				CLANG_WARN_INT_CONVERSION = YES;
				CLANG_WARN_NON_LITERAL_NULL_CONVERSION = YES;
				CLANG_WARN_OBJC_IMPLICIT_RETAIN_SELF = YES;
				CLANG_WARN_OBJC_LITERAL_CONVERSION = YES;
				CLANG_WARN_OBJC_ROOT_CLASS = YES_ERROR;
				CLANG_WARN_QUOTED_INCLUDE_IN_FRAMEWORK_HEADER = YES;
				CLANG_WARN_RANGE_LOOP_ANALYSIS = YES;
				CLANG_WARN_STRICT_PROTOTYPES = YES;
				CLANG_WARN_SUSPICIOUS_MOVE = YES;
				CLANG_WARN_UNGUARDED_AVAILABILITY = YES_AGGRESSIVE;
				CLANG_WARN_UNREACHABLE_CODE = YES;
				CLANG_WARN__DUPLICATE_METHOD_MATCH = YES;
				COPY_PHASE_STRIP = NO;
				DEBUG_INFORMATION_FORMAT = dwarf;
				ENABLE_STRICT_OBJC_MSGSEND = YES;
				ENABLE_TESTABILITY = YES;
				ENABLE_USER_SCRIPT_SANDBOXING = YES;
				GCC_C_LANGUAGE_STANDARD = gnu17;
				GCC_DYNAMIC_NO_PIC = NO;
				GCC_NO_COMMON_BLOCKS = YES;
				GCC_OPTIMIZATION_LEVEL = 0;
				GCC_PREPROCESSOR_DEFINITIONS = (
					"DEBUG=1",
					"$(inherited)",
				);
				GCC_WARN_64_TO_32_BIT_CONVERSION = YES;
				GCC_WARN_ABOUT_RETURN_TYPE = YES_ERROR;
				GCC_WARN_UNDECLARED_SELECTOR = YES;
				GCC_WARN_UNINITIALIZED_AUTOS = YES_AGGRESSIVE;
				GCC_WARN_UNUSED_FUNCTION = YES;
				GCC_WARN_UNUSED_VARIABLE = YES;
				IPHONEOS_DEPLOYMENT_TARGET = 17.2;
				LOCALIZATION_PREFERS_STRING_CATALOGS = YES;
				MTL_ENABLE_DEBUG_INFO = INCLUDE_SOURCE;
				MTL_FAST_MATH = YES;
				ONLY_ACTIVE_ARCH = YES;
				SDKROOT = iphoneos;
				SWIFT_ACTIVE_COMPILATION_CONDITIONS = "DEBUG $(inherited)";
				SWIFT_OPTIMIZATION_LEVEL = "-Onone";
			};
			name = Debug;
		};
		C1F57E922C2439D900DD3B90 /* Release */ = {
			isa = XCBuildConfiguration;
			buildSettings = {
				ALWAYS_SEARCH_USER_PATHS = NO;
				ASSETCATALOG_COMPILER_GENERATE_SWIFT_ASSET_SYMBOL_EXTENSIONS = YES;
				CLANG_ANALYZER_NONNULL = YES;
				CLANG_ANALYZER_NUMBER_OBJECT_CONVERSION = YES_AGGRESSIVE;
				CLANG_CXX_LANGUAGE_STANDARD = "gnu++20";
				CLANG_ENABLE_MODULES = YES;
				CLANG_ENABLE_OBJC_ARC = YES;
				CLANG_ENABLE_OBJC_WEAK = YES;
				CLANG_WARN_BLOCK_CAPTURE_AUTORELEASING = YES;
				CLANG_WARN_BOOL_CONVERSION = YES;
				CLANG_WARN_COMMA = YES;
				CLANG_WARN_CONSTANT_CONVERSION = YES;
				CLANG_WARN_DEPRECATED_OBJC_IMPLEMENTATIONS = YES;
				CLANG_WARN_DIRECT_OBJC_ISA_USAGE = YES_ERROR;
				CLANG_WARN_DOCUMENTATION_COMMENTS = YES;
				CLANG_WARN_EMPTY_BODY = YES;
				CLANG_WARN_ENUM_CONVERSION = YES;
				CLANG_WARN_INFINITE_RECURSION = YES;
				CLANG_WARN_INT_CONVERSION = YES;
				CLANG_WARN_NON_LITERAL_NULL_CONVERSION = YES;
				CLANG_WARN_OBJC_IMPLICIT_RETAIN_SELF = YES;
				CLANG_WARN_OBJC_LITERAL_CONVERSION = YES;
				CLANG_WARN_OBJC_ROOT_CLASS = YES_ERROR;
				CLANG_WARN_QUOTED_INCLUDE_IN_FRAMEWORK_HEADER = YES;
				CLANG_WARN_RANGE_LOOP_ANALYSIS = YES;
				CLANG_WARN_STRICT_PROTOTYPES = YES;
				CLANG_WARN_SUSPICIOUS_MOVE = YES;
				CLANG_WARN_UNGUARDED_AVAILABILITY = YES_AGGRESSIVE;
				CLANG_WARN_UNREACHABLE_CODE = YES;
				CLANG_WARN__DUPLICATE_METHOD_MATCH = YES;
				COPY_PHASE_STRIP = NO;
				DEBUG_INFORMATION_FORMAT = "dwarf-with-dsym";
				ENABLE_NS_ASSERTIONS = NO;
				ENABLE_STRICT_OBJC_MSGSEND = YES;
				ENABLE_USER_SCRIPT_SANDBOXING = YES;
				GCC_C_LANGUAGE_STANDARD = gnu17;
				GCC_NO_COMMON_BLOCKS = YES;
				GCC_WARN_64_TO_32_BIT_CONVERSION = YES;
				GCC_WARN_ABOUT_RETURN_TYPE = YES_ERROR;
				GCC_WARN_UNDECLARED_SELECTOR = YES;
				GCC_WARN_UNINITIALIZED_AUTOS = YES_AGGRESSIVE;
				GCC_WARN_UNUSED_FUNCTION = YES;
				GCC_WARN_UNUSED_VARIABLE = YES;
				IPHONEOS_DEPLOYMENT_TARGET = 17.2;
				LOCALIZATION_PREFERS_STRING_CATALOGS = YES;
				MTL_ENABLE_DEBUG_INFO = NO;
				MTL_FAST_MATH = YES;
				SDKROOT = iphoneos;
				SWIFT_COMPILATION_MODE = wholemodule;
				VALIDATE_PRODUCT = YES;
			};
			name = Release;
		};
		C1F57E942C2439D900DD3B90 /* Debug */ = {
			isa = XCBuildConfiguration;
			baseConfigurationReference = 859A72BEEFC61ABE70D8FD0A /* Pods-SwiftDevLab.debug.xcconfig */;
			buildSettings = {
				ASSETCATALOG_COMPILER_APPICON_NAME = AppIcon;
				ASSETCATALOG_COMPILER_GLOBAL_ACCENT_COLOR_NAME = AccentColor;
				CODE_SIGN_STYLE = Automatic;
				CURRENT_PROJECT_VERSION = 1;
				DEVELOPMENT_TEAM = YNMVQCYBUU;
				GENERATE_INFOPLIST_FILE = YES;
				INFOPLIST_FILE = SwiftDevLab/Info.plist;
				INFOPLIST_KEY_UIApplicationSupportsIndirectInputEvents = YES;
				INFOPLIST_KEY_UILaunchStoryboardName = LaunchScreen;
				INFOPLIST_KEY_UIStatusBarStyle = "";
				INFOPLIST_KEY_UISupportedInterfaceOrientations_iPad = "UIInterfaceOrientationPortrait UIInterfaceOrientationPortraitUpsideDown UIInterfaceOrientationLandscapeLeft UIInterfaceOrientationLandscapeRight";
				INFOPLIST_KEY_UISupportedInterfaceOrientations_iPhone = "UIInterfaceOrientationPortrait UIInterfaceOrientationLandscapeLeft UIInterfaceOrientationLandscapeRight";
				LD_RUNPATH_SEARCH_PATHS = (
					"$(inherited)",
					"@executable_path/Frameworks",
				);
				MARKETING_VERSION = 1.0;
				PRODUCT_BUNDLE_IDENTIFIER = com.ckaktsis.SwiftDevLab;
				PRODUCT_NAME = "$(TARGET_NAME)";
				SWIFT_EMIT_LOC_STRINGS = YES;
				SWIFT_VERSION = 5.0;
				TARGETED_DEVICE_FAMILY = "1,2";
			};
			name = Debug;
		};
		C1F57E952C2439D900DD3B90 /* Release */ = {
			isa = XCBuildConfiguration;
			baseConfigurationReference = 0B9DDCDF7E62607A65F30EAB /* Pods-SwiftDevLab.release.xcconfig */;
			buildSettings = {
				ASSETCATALOG_COMPILER_APPICON_NAME = AppIcon;
				ASSETCATALOG_COMPILER_GLOBAL_ACCENT_COLOR_NAME = AccentColor;
				CODE_SIGN_STYLE = Automatic;
				CURRENT_PROJECT_VERSION = 1;
				DEVELOPMENT_TEAM = YNMVQCYBUU;
				GENERATE_INFOPLIST_FILE = YES;
				INFOPLIST_FILE = SwiftDevLab/Info.plist;
				INFOPLIST_KEY_UIApplicationSupportsIndirectInputEvents = YES;
				INFOPLIST_KEY_UILaunchStoryboardName = LaunchScreen;
				INFOPLIST_KEY_UIStatusBarStyle = "";
				INFOPLIST_KEY_UISupportedInterfaceOrientations_iPad = "UIInterfaceOrientationPortrait UIInterfaceOrientationPortraitUpsideDown UIInterfaceOrientationLandscapeLeft UIInterfaceOrientationLandscapeRight";
				INFOPLIST_KEY_UISupportedInterfaceOrientations_iPhone = "UIInterfaceOrientationPortrait UIInterfaceOrientationLandscapeLeft UIInterfaceOrientationLandscapeRight";
				LD_RUNPATH_SEARCH_PATHS = (
					"$(inherited)",
					"@executable_path/Frameworks",
				);
				MARKETING_VERSION = 1.0;
				PRODUCT_BUNDLE_IDENTIFIER = com.ckaktsis.SwiftDevLab;
				PRODUCT_NAME = "$(TARGET_NAME)";
				SWIFT_EMIT_LOC_STRINGS = YES;
				SWIFT_VERSION = 5.0;
				TARGETED_DEVICE_FAMILY = "1,2";
			};
			name = Release;
		};
		C1F57E972C2439D900DD3B90 /* Debug */ = {
			isa = XCBuildConfiguration;
			baseConfigurationReference = B16141FD6BCAB994EC15728E /* Pods-SwiftDevLabTests.debug.xcconfig */;
			buildSettings = {
				ALWAYS_EMBED_SWIFT_STANDARD_LIBRARIES = YES;
				BUNDLE_LOADER = "$(TEST_HOST)";
				CODE_SIGN_STYLE = Automatic;
				CURRENT_PROJECT_VERSION = 1;
				DEVELOPMENT_TEAM = YNMVQCYBUU;
				GENERATE_INFOPLIST_FILE = YES;
				IPHONEOS_DEPLOYMENT_TARGET = 17.2;
				MARKETING_VERSION = 1.0;
				PRODUCT_BUNDLE_IDENTIFIER = com.ckaktsis.SwiftDevLabTests;
				PRODUCT_NAME = "$(TARGET_NAME)";
				SWIFT_EMIT_LOC_STRINGS = NO;
				SWIFT_VERSION = 5.0;
				TARGETED_DEVICE_FAMILY = "1,2";
				TEST_HOST = "$(BUILT_PRODUCTS_DIR)/SwiftDevLab.app/$(BUNDLE_EXECUTABLE_FOLDER_PATH)/SwiftDevLab";
			};
			name = Debug;
		};
		C1F57E982C2439D900DD3B90 /* Release */ = {
			isa = XCBuildConfiguration;
			baseConfigurationReference = F486E9A6492863F32E9FAB5B /* Pods-SwiftDevLabTests.release.xcconfig */;
			buildSettings = {
				ALWAYS_EMBED_SWIFT_STANDARD_LIBRARIES = YES;
				BUNDLE_LOADER = "$(TEST_HOST)";
				CODE_SIGN_STYLE = Automatic;
				CURRENT_PROJECT_VERSION = 1;
				DEVELOPMENT_TEAM = YNMVQCYBUU;
				GENERATE_INFOPLIST_FILE = YES;
				IPHONEOS_DEPLOYMENT_TARGET = 17.2;
				MARKETING_VERSION = 1.0;
				PRODUCT_BUNDLE_IDENTIFIER = com.ckaktsis.SwiftDevLabTests;
				PRODUCT_NAME = "$(TARGET_NAME)";
				SWIFT_EMIT_LOC_STRINGS = NO;
				SWIFT_VERSION = 5.0;
				TARGETED_DEVICE_FAMILY = "1,2";
				TEST_HOST = "$(BUILT_PRODUCTS_DIR)/SwiftDevLab.app/$(BUNDLE_EXECUTABLE_FOLDER_PATH)/SwiftDevLab";
			};
			name = Release;
		};
		C1F57E9A2C2439D900DD3B90 /* Debug */ = {
			isa = XCBuildConfiguration;
			baseConfigurationReference = 9133A8C5617FC4046016972C /* Pods-SwiftDevLab-SwiftDevLabUITests.debug.xcconfig */;
			buildSettings = {
				ALWAYS_EMBED_SWIFT_STANDARD_LIBRARIES = YES;
				CODE_SIGN_STYLE = Automatic;
				CURRENT_PROJECT_VERSION = 1;
				DEVELOPMENT_TEAM = YNMVQCYBUU;
				GENERATE_INFOPLIST_FILE = YES;
				MARKETING_VERSION = 1.0;
				PRODUCT_BUNDLE_IDENTIFIER = com.ckaktsis.SwiftDevLabUITests;
				PRODUCT_NAME = "$(TARGET_NAME)";
				SWIFT_EMIT_LOC_STRINGS = NO;
				SWIFT_VERSION = 5.0;
				TARGETED_DEVICE_FAMILY = "1,2";
				TEST_TARGET_NAME = SwiftDevLab;
			};
			name = Debug;
		};
		C1F57E9B2C2439D900DD3B90 /* Release */ = {
			isa = XCBuildConfiguration;
			baseConfigurationReference = 2780D4EEA4F0E247B7DBFAE4 /* Pods-SwiftDevLab-SwiftDevLabUITests.release.xcconfig */;
			buildSettings = {
				ALWAYS_EMBED_SWIFT_STANDARD_LIBRARIES = YES;
				CODE_SIGN_STYLE = Automatic;
				CURRENT_PROJECT_VERSION = 1;
				DEVELOPMENT_TEAM = YNMVQCYBUU;
				GENERATE_INFOPLIST_FILE = YES;
				MARKETING_VERSION = 1.0;
				PRODUCT_BUNDLE_IDENTIFIER = com.ckaktsis.SwiftDevLabUITests;
				PRODUCT_NAME = "$(TARGET_NAME)";
				SWIFT_EMIT_LOC_STRINGS = NO;
				SWIFT_VERSION = 5.0;
				TARGETED_DEVICE_FAMILY = "1,2";
				TEST_TARGET_NAME = SwiftDevLab;
			};
			name = Release;
		};
/* End XCBuildConfiguration section */

/* Begin XCConfigurationList section */
		C1F57E642C2439D800DD3B90 /* Build configuration list for PBXProject "SwiftDevLab" */ = {
			isa = XCConfigurationList;
			buildConfigurations = (
				C1F57E912C2439D900DD3B90 /* Debug */,
				C1F57E922C2439D900DD3B90 /* Release */,
			);
			defaultConfigurationIsVisible = 0;
			defaultConfigurationName = Release;
		};
		C1F57E932C2439D900DD3B90 /* Build configuration list for PBXNativeTarget "SwiftDevLab" */ = {
			isa = XCConfigurationList;
			buildConfigurations = (
				C1F57E942C2439D900DD3B90 /* Debug */,
				C1F57E952C2439D900DD3B90 /* Release */,
			);
			defaultConfigurationIsVisible = 0;
			defaultConfigurationName = Release;
		};
		C1F57E962C2439D900DD3B90 /* Build configuration list for PBXNativeTarget "SwiftDevLabTests" */ = {
			isa = XCConfigurationList;
			buildConfigurations = (
				C1F57E972C2439D900DD3B90 /* Debug */,
				C1F57E982C2439D900DD3B90 /* Release */,
			);
			defaultConfigurationIsVisible = 0;
			defaultConfigurationName = Release;
		};
		C1F57E992C2439D900DD3B90 /* Build configuration list for PBXNativeTarget "SwiftDevLabUITests" */ = {
			isa = XCConfigurationList;
			buildConfigurations = (
				C1F57E9A2C2439D900DD3B90 /* Debug */,
				C1F57E9B2C2439D900DD3B90 /* Release */,
			);
			defaultConfigurationIsVisible = 0;
			defaultConfigurationName = Release;
		};
/* End XCConfigurationList section */
	};
	rootObject = C1F57E612C2439D800DD3B90 /* Project object */;
}
