// !$*UTF8*$!
{
	archiveVersion = 1;
	classes = {
	};
	objectVersion = 56;
	objects = {

/* Begin PBXBuildFile section */
		C1B84D642C25778800FBD7D0 /* HomeVC.swift in Sources */ = {isa = PBXBuildFile; fileRef = C1B84D622C25778800FBD7D0 /* HomeVC.swift */; };
		C1B84D652C25778800FBD7D0 /* HomeVC.xib in Resources */ = {isa = PBXBuildFile; fileRef = C1B84D632C25778800FBD7D0 /* HomeVC.xib */; };
		C1B84D7A2C257BBC00FBD7D0 /* BaseNavigation.swift in Sources */ = {isa = PBXBuildFile; fileRef = C1B84D792C257BBC00FBD7D0 /* BaseNavigation.swift */; };
		C1F57E6D2C2439D800DD3B90 /* AppDelegate.swift in Sources */ = {isa = PBXBuildFile; fileRef = C1F57E6C2C2439D800DD3B90 /* AppDelegate.swift */; };
		C1F57E6F2C2439D800DD3B90 /* SceneDelegate.swift in Sources */ = {isa = PBXBuildFile; fileRef = C1F57E6E2C2439D800DD3B90 /* SceneDelegate.swift */; };
		C1F57E762C2439D800DD3B90 /* Assets.xcassets in Resources */ = {isa = PBXBuildFile; fileRef = C1F57E752C2439D800DD3B90 /* Assets.xcassets */; };
		C1F57E792C2439D800DD3B90 /* LaunchScreen.storyboard in Resources */ = {isa = PBXBuildFile; fileRef = C1F57E772C2439D800DD3B90 /* LaunchScreen.storyboard */; };
		C1F57E842C2439D900DD3B90 /* SwiftDevLabTests.swift in Sources */ = {isa = PBXBuildFile; fileRef = C1F57E832C2439D900DD3B90 /* SwiftDevLabTests.swift */; };
		C1F57E8E2C2439D900DD3B90 /* SwiftDevLabUITests.swift in Sources */ = {isa = PBXBuildFile; fileRef = C1F57E8D2C2439D900DD3B90 /* SwiftDevLabUITests.swift */; };
		C1F57E902C2439D900DD3B90 /* SwiftDevLabUITestsLaunchTests.swift in Sources */ = {isa = PBXBuildFile; fileRef = C1F57E8F2C2439D900DD3B90 /* SwiftDevLabUITestsLaunchTests.swift */; };
		C1F57EAD2C243DD600DD3B90 /* Coordinator.swift in Sources */ = {isa = PBXBuildFile; fileRef = C1F57EAC2C243DD600DD3B90 /* Coordinator.swift */; };
		C1F57EC12C243F1100DD3B90 /* MasterCoordinator.swift in Sources */ = {isa = PBXBuildFile; fileRef = C1F57EC02C243F1100DD3B90 /* MasterCoordinator.swift */; };
		C1F57ED92C24480300DD3B90 /* TestNavigateVC.swift in Sources */ = {isa = PBXBuildFile; fileRef = C1F57ED72C24480300DD3B90 /* TestNavigateVC.swift */; };
		C1F57EDA2C24480300DD3B90 /* TestNavigateVC.xib in Resources */ = {isa = PBXBuildFile; fileRef = C1F57ED82C24480300DD3B90 /* TestNavigateVC.xib */; };
/* End PBXBuildFile section */

/* Begin PBXContainerItemProxy section */
		C1F57E802C2439D900DD3B90 /* PBXContainerItemProxy */ = {
			isa = PBXContainerItemProxy;
			containerPortal = C1F57E612C2439D800DD3B90 /* Project object */;
			proxyType = 1;
			remoteGlobalIDString = C1F57E682C2439D800DD3B90;
			remoteInfo = SwiftDevLab;
		};
		C1F57E8A2C2439D900DD3B90 /* PBXContainerItemProxy */ = {
			isa = PBXContainerItemProxy;
			containerPortal = C1F57E612C2439D800DD3B90 /* Project object */;
			proxyType = 1;
			remoteGlobalIDString = C1F57E682C2439D800DD3B90;
			remoteInfo = SwiftDevLab;
		};
/* End PBXContainerItemProxy section */

/* Begin PBXFileReference section */
		C1B84D622C25778800FBD7D0 /* HomeVC.swift */ = {isa = PBXFileReference; lastKnownFileType = sourcecode.swift; path = HomeVC.swift; sourceTree = "<group>"; };
		C1B84D632C25778800FBD7D0 /* HomeVC.xib */ = {isa = PBXFileReference; lastKnownFileType = file.xib; path = HomeVC.xib; sourceTree = "<group>"; };
		C1B84D792C257BBC00FBD7D0 /* BaseNavigation.swift */ = {isa = PBXFileReference; lastKnownFileType = sourcecode.swift; path = BaseNavigation.swift; sourceTree = "<group>"; };
		C1F57E692C2439D800DD3B90 /* SwiftDevLab.app */ = {isa = PBXFileReference; explicitFileType = wrapper.application; includeInIndex = 0; path = SwiftDevLab.app; sourceTree = BUILT_PRODUCTS_DIR; };
		C1F57E6C2C2439D800DD3B90 /* AppDelegate.swift */ = {isa = PBXFileReference; lastKnownFileType = sourcecode.swift; path = AppDelegate.swift; sourceTree = "<group>"; };
		C1F57E6E2C2439D800DD3B90 /* SceneDelegate.swift */ = {isa = PBXFileReference; lastKnownFileType = sourcecode.swift; path = SceneDelegate.swift; sourceTree = "<group>"; };
		C1F57E752C2439D800DD3B90 /* Assets.xcassets */ = {isa = PBXFileReference; lastKnownFileType = folder.assetcatalog; path = Assets.xcassets; sourceTree = "<group>"; };
		C1F57E782C2439D800DD3B90 /* Base */ = {isa = PBXFileReference; lastKnownFileType = file.storyboard; name = Base; path = Base.lproj/LaunchScreen.storyboard; sourceTree = "<group>"; };
		C1F57E7A2C2439D800DD3B90 /* Info.plist */ = {isa = PBXFileReference; lastKnownFileType = text.plist.xml; path = Info.plist; sourceTree = "<group>"; };
		C1F57E7F2C2439D900DD3B90 /* SwiftDevLabTests.xctest */ = {isa = PBXFileReference; explicitFileType = wrapper.cfbundle; includeInIndex = 0; path = SwiftDevLabTests.xctest; sourceTree = BUILT_PRODUCTS_DIR; };
		C1F57E832C2439D900DD3B90 /* SwiftDevLabTests.swift */ = {isa = PBXFileReference; lastKnownFileType = sourcecode.swift; path = SwiftDevLabTests.swift; sourceTree = "<group>"; };
		C1F57E892C2439D900DD3B90 /* SwiftDevLabUITests.xctest */ = {isa = PBXFileReference; explicitFileType = wrapper.cfbundle; includeInIndex = 0; path = SwiftDevLabUITests.xctest; sourceTree = BUILT_PRODUCTS_DIR; };
		C1F57E8D2C2439D900DD3B90 /* SwiftDevLabUITests.swift */ = {isa = PBXFileReference; lastKnownFileType = sourcecode.swift; path = SwiftDevLabUITests.swift; sourceTree = "<group>"; };
		C1F57E8F2C2439D900DD3B90 /* SwiftDevLabUITestsLaunchTests.swift */ = {isa = PBXFileReference; lastKnownFileType = sourcecode.swift; path = SwiftDevLabUITestsLaunchTests.swift; sourceTree = "<group>"; };
		C1F57EAC2C243DD600DD3B90 /* Coordinator.swift */ = {isa = PBXFileReference; lastKnownFileType = sourcecode.swift; path = Coordinator.swift; sourceTree = "<group>"; };
		C1F57EC02C243F1100DD3B90 /* MasterCoordinator.swift */ = {isa = PBXFileReference; lastKnownFileType = sourcecode.swift; path = MasterCoordinator.swift; sourceTree = "<group>"; };
		C1F57ED72C24480300DD3B90 /* TestNavigateVC.swift */ = {isa = PBXFileReference; lastKnownFileType = sourcecode.swift; path = TestNavigateVC.swift; sourceTree = "<group>"; };
		C1F57ED82C24480300DD3B90 /* TestNavigateVC.xib */ = {isa = PBXFileReference; lastKnownFileType = file.xib; path = TestNavigateVC.xib; sourceTree = "<group>"; };
/* End PBXFileReference section */

/* Begin PBXFrameworksBuildPhase section */
		C1F57E662C2439D800DD3B90 /* Frameworks */ = {
			isa = PBXFrameworksBuildPhase;
			buildActionMask = 2147483647;
			files = (
			);
			runOnlyForDeploymentPostprocessing = 0;
		};
		C1F57E7C2C2439D900DD3B90 /* Frameworks */ = {
			isa = PBXFrameworksBuildPhase;
			buildActionMask = 2147483647;
			files = (
			);
			runOnlyForDeploymentPostprocessing = 0;
		};
		C1F57E862C2439D900DD3B90 /* Frameworks */ = {
			isa = PBXFrameworksBuildPhase;
			buildActionMask = 2147483647;
			files = (
			);
			runOnlyForDeploymentPostprocessing = 0;
		};
/* End PBXFrameworksBuildPhase section */

/* Begin PBXGroup section */
		C1F57E602C2439D800DD3B90 = {
			isa = PBXGroup;
			children = (
				C1F57E6B2C2439D800DD3B90 /* SwiftDevLab */,
				C1F57E822C2439D900DD3B90 /* SwiftDevLabTests */,
				C1F57E8C2C2439D900DD3B90 /* SwiftDevLabUITests */,
				C1F57E6A2C2439D800DD3B90 /* Products */,
			);
			sourceTree = "<group>";
		};
		C1F57E6A2C2439D800DD3B90 /* Products */ = {
			isa = PBXGroup;
			children = (
				C1F57E692C2439D800DD3B90 /* SwiftDevLab.app */,
				C1F57E7F2C2439D900DD3B90 /* SwiftDevLabTests.xctest */,
				C1F57E892C2439D900DD3B90 /* SwiftDevLabUITests.xctest */,
			);
			name = Products;
			sourceTree = "<group>";
		};
		C1F57E6B2C2439D800DD3B90 /* SwiftDevLab */ = {
			isa = PBXGroup;
			children = (
				C1F57EAC2C243DD600DD3B90 /* Coordinator.swift */,
				C1F57E6C2C2439D800DD3B90 /* AppDelegate.swift */,
				C1F57E6E2C2439D800DD3B90 /* SceneDelegate.swift */,
				C1F57E752C2439D800DD3B90 /* Assets.xcassets */,
				C1F57E772C2439D800DD3B90 /* LaunchScreen.storyboard */,
				C1F57E7A2C2439D800DD3B90 /* Info.plist */,
				C1F57EC02C243F1100DD3B90 /* MasterCoordinator.swift */,
				C1F57ED72C24480300DD3B90 /* TestNavigateVC.swift */,
				C1F57ED82C24480300DD3B90 /* TestNavigateVC.xib */,
				C1B84D622C25778800FBD7D0 /* HomeVC.swift */,
				C1B84D632C25778800FBD7D0 /* HomeVC.xib */,
				C1B84D792C257BBC00FBD7D0 /* BaseNavigation.swift */,
			);
			path = SwiftDevLab;
			sourceTree = "<group>";
		};
		C1F57E822C2439D900DD3B90 /* SwiftDevLabTests */ = {
			isa = PBXGroup;
			children = (
				C1F57E832C2439D900DD3B90 /* SwiftDevLabTests.swift */,
			);
			path = SwiftDevLabTests;
			sourceTree = "<group>";
		};
		C1F57E8C2C2439D900DD3B90 /* SwiftDevLabUITests */ = {
			isa = PBXGroup;
			children = (
				C1F57E8D2C2439D900DD3B90 /* SwiftDevLabUITests.swift */,
				C1F57E8F2C2439D900DD3B90 /* SwiftDevLabUITestsLaunchTests.swift */,
			);
			path = SwiftDevLabUITests;
			sourceTree = "<group>";
		};
/* End PBXGroup section */

/* Begin PBXNativeTarget section */
		C1F57E682C2439D800DD3B90 /* SwiftDevLab */ = {
			isa = PBXNativeTarget;
			buildConfigurationList = C1F57E932C2439D900DD3B90 /* Build configuration list for PBXNativeTarget "SwiftDevLab" */;
			buildPhases = (
				C1F57E652C2439D800DD3B90 /* Sources */,
				C1F57E662C2439D800DD3B90 /* Frameworks */,
				C1F57E672C2439D800DD3B90 /* Resources */,
			);
			buildRules = (
			);
			dependencies = (
			);
			name = SwiftDevLab;
			productName = SwiftDevLab;
			productReference = C1F57E692C2439D800DD3B90 /* SwiftDevLab.app */;
			productType = "com.apple.product-type.application";
		};
		C1F57E7E2C2439D900DD3B90 /* SwiftDevLabTests */ = {
			isa = PBXNativeTarget;
			buildConfigurationList = C1F57E962C2439D900DD3B90 /* Build configuration list for PBXNativeTarget "SwiftDevLabTests" */;
			buildPhases = (
				C1F57E7B2C2439D900DD3B90 /* Sources */,
				C1F57E7C2C2439D900DD3B90 /* Frameworks */,
				C1F57E7D2C2439D900DD3B90 /* Resources */,
			);
			buildRules = (
			);
			dependencies = (
				C1F57E812C2439D900DD3B90 /* PBXTargetDependency */,
			);
			name = SwiftDevLabTests;
			productName = SwiftDevLabTests;
			productReference = C1F57E7F2C2439D900DD3B90 /* SwiftDevLabTests.xctest */;
			productType = "com.apple.product-type.bundle.unit-test";
		};
		C1F57E882C2439D900DD3B90 /* SwiftDevLabUITests */ = {
			isa = PBXNativeTarget;
			buildConfigurationList = C1F57E992C2439D900DD3B90 /* Build configuration list for PBXNativeTarget "SwiftDevLabUITests" */;
			buildPhases = (
				C1F57E852C2439D900DD3B90 /* Sources */,
				C1F57E862C2439D900DD3B90 /* Frameworks */,
				C1F57E872C2439D900DD3B90 /* Resources */,
			);
			buildRules = (
			);
			dependencies = (
				C1F57E8B2C2439D900DD3B90 /* PBXTargetDependency */,
			);
			name = SwiftDevLabUITests;
			productName = SwiftDevLabUITests;
			productReference = C1F57E892C2439D900DD3B90 /* SwiftDevLabUITests.xctest */;
			productType = "com.apple.product-type.bundle.ui-testing";
		};
/* End PBXNativeTarget section */

/* Begin PBXProject section */
		C1F57E612C2439D800DD3B90 /* Project object */ = {
			isa = PBXProject;
			attributes = {
				BuildIndependentTargetsInParallel = 1;
				LastSwiftUpdateCheck = 1520;
				LastUpgradeCheck = 1520;
				TargetAttributes = {
					C1F57E682C2439D800DD3B90 = {
						CreatedOnToolsVersion = 15.2;
					};
					C1F57E7E2C2439D900DD3B90 = {
						CreatedOnToolsVersion = 15.2;
						TestTargetID = C1F57E682C2439D800DD3B90;
					};
					C1F57E882C2439D900DD3B90 = {
						CreatedOnToolsVersion = 15.2;
						TestTargetID = C1F57E682C2439D800DD3B90;
					};
				};
			};
			buildConfigurationList = C1F57E642C2439D800DD3B90 /* Build configuration list for PBXProject "SwiftDevLab" */;
			compatibilityVersion = "Xcode 14.0";
			developmentRegion = en;
			hasScannedForEncodings = 0;
			knownRegions = (
				en,
				Base,
			);
			mainGroup = C1F57E602C2439D800DD3B90;
			productRefGroup = C1F57E6A2C2439D800DD3B90 /* Products */;
			projectDirPath = "";
			projectRoot = "";
			targets = (
				C1F57E682C2439D800DD3B90 /* SwiftDevLab */,
				C1F57E7E2C2439D900DD3B90 /* SwiftDevLabTests */,
				C1F57E882C2439D900DD3B90 /* SwiftDevLabUITests */,
			);
		};
/* End PBXProject section */

/* Begin PBXResourcesBuildPhase section */
		C1F57E672C2439D800DD3B90 /* Resources */ = {
			isa = PBXResourcesBuildPhase;
			buildActionMask = 2147483647;
			files = (
				C1F57E792C2439D800DD3B90 /* LaunchScreen.storyboard in Resources */,
				C1B84D652C25778800FBD7D0 /* HomeVC.xib in Resources */,
				C1F57E762C2439D800DD3B90 /* Assets.xcassets in Resources */,
				C1F57EDA2C24480300DD3B90 /* TestNavigateVC.xib in Resources */,
			);
			runOnlyForDeploymentPostprocessing = 0;
		};
		C1F57E7D2C2439D900DD3B90 /* Resources */ = {
			isa = PBXResourcesBuildPhase;
			buildActionMask = 2147483647;
			files = (
			);
			runOnlyForDeploymentPostprocessing = 0;
		};
		C1F57E872C2439D900DD3B90 /* Resources */ = {
			isa = PBXResourcesBuildPhase;
			buildActionMask = 2147483647;
			files = (
			);
			runOnlyForDeploymentPostprocessing = 0;
		};
/* End PBXResourcesBuildPhase section */

/* Begin PBXSourcesBuildPhase section */
		C1F57E652C2439D800DD3B90 /* Sources */ = {
			isa = PBXSourcesBuildPhase;
			buildActionMask = 2147483647;
			files = (
				C1F57EAD2C243DD600DD3B90 /* Coordinator.swift in Sources */,
				C1B84D7A2C257BBC00FBD7D0 /* BaseNavigation.swift in Sources */,
				C1B84D642C25778800FBD7D0 /* HomeVC.swift in Sources */,
				C1F57EC12C243F1100DD3B90 /* MasterCoordinator.swift in Sources */,
				C1F57ED92C24480300DD3B90 /* TestNavigateVC.swift in Sources */,
				C1F57E6D2C2439D800DD3B90 /* AppDelegate.swift in Sources */,
				C1F57E6F2C2439D800DD3B90 /* SceneDelegate.swift in Sources */,
			);
			runOnlyForDeploymentPostprocessing = 0;
		};
		C1F57E7B2C2439D900DD3B90 /* Sources */ = {
			isa = PBXSourcesBuildPhase;
			buildActionMask = 2147483647;
			files = (
				C1F57E842C2439D900DD3B90 /* SwiftDevLabTests.swift in Sources */,
			);
			runOnlyForDeploymentPostprocessing = 0;
		};
		C1F57E852C2439D900DD3B90 /* Sources */ = {
			isa = PBXSourcesBuildPhase;
			buildActionMask = 2147483647;
			files = (
				C1F57E902C2439D900DD3B90 /* SwiftDevLabUITestsLaunchTests.swift in Sources */,
				C1F57E8E2C2439D900DD3B90 /* SwiftDevLabUITests.swift in Sources */,
			);
			runOnlyForDeploymentPostprocessing = 0;
		};
/* End PBXSourcesBuildPhase section */

/* Begin PBXTargetDependency section */
		C1F57E812C2439D900DD3B90 /* PBXTargetDependency */ = {
			isa = PBXTargetDependency;
			target = C1F57E682C2439D800DD3B90 /* SwiftDevLab */;
			targetProxy = C1F57E802C2439D900DD3B90 /* PBXContainerItemProxy */;
		};
		C1F57E8B2C2439D900DD3B90 /* PBXTargetDependency */ = {
			isa = PBXTargetDependency;
			target = C1F57E682C2439D800DD3B90 /* SwiftDevLab */;
			targetProxy = C1F57E8A2C2439D900DD3B90 /* PBXContainerItemProxy */;
		};
/* End PBXTargetDependency section */

/* Begin PBXVariantGroup section */
		C1F57E772C2439D800DD3B90 /* LaunchScreen.storyboard */ = {
			isa = PBXVariantGroup;
			children = (
				C1F57E782C2439D800DD3B90 /* Base */,
			);
			name = LaunchScreen.storyboard;
			sourceTree = "<group>";
		};
/* End PBXVariantGroup section */

/* Begin XCBuildConfiguration section */
		C1F57E912C2439D900DD3B90 /* Debug */ = {
			isa = XCBuildConfiguration;
			buildSettings = {
				ALWAYS_SEARCH_USER_PATHS = NO;
				ASSETCATALOG_COMPILER_GENERATE_SWIFT_ASSET_SYMBOL_EXTENSIONS = YES;
				CLANG_ANALYZER_NONNULL = YES;
				CLANG_ANALYZER_NUMBER_OBJECT_CONVERSION = YES_AGGRESSIVE;
				CLANG_CXX_LANGUAGE_STANDARD = "gnu++20";
				CLANG_ENABLE_MODULES = YES;
				CLANG_ENABLE_OBJC_ARC = YES;
				CLANG_ENABLE_OBJC_WEAK = YES;
				CLANG_WARN_BLOCK_CAPTURE_AUTORELEASING = YES;
				CLANG_WARN_BOOL_CONVERSION = YES;
				CLANG_WARN_COMMA = YES;
				CLANG_WARN_CONSTANT_CONVERSION = YES;
				CLANG_WARN_DEPRECATED_OBJC_IMPLEMENTATIONS = YES;
				CLANG_WARN_DIRECT_OBJC_ISA_USAGE = YES_ERROR;
				CLANG_WARN_DOCUMENTATION_COMMENTS = YES;
				CLANG_WARN_EMPTY_BODY = YES;
				CLANG_WARN_ENUM_CONVERSION = YES;
				CLANG_WARN_INFINITE_RECURSION = YES;
				CLANG_WARN_INT_CONVERSION = YES;
				CLANG_WARN_NON_LITERAL_NULL_CONVERSION = YES;
				CLANG_WARN_OBJC_IMPLICIT_RETAIN_SELF = YES;
				CLANG_WARN_OBJC_LITERAL_CONVERSION = YES;
				CLANG_WARN_OBJC_ROOT_CLASS = YES_ERROR;
				CLANG_WARN_QUOTED_INCLUDE_IN_FRAMEWORK_HEADER = YES;
				CLANG_WARN_RANGE_LOOP_ANALYSIS = YES;
				CLANG_WARN_STRICT_PROTOTYPES = YES;
				CLANG_WARN_SUSPICIOUS_MOVE = YES;
				CLANG_WARN_UNGUARDED_AVAILABILITY = YES_AGGRESSIVE;
				CLANG_WARN_UNREACHABLE_CODE = YES;
				CLANG_WARN__DUPLICATE_METHOD_MATCH = YES;
				COPY_PHASE_STRIP = NO;
				DEBUG_INFORMATION_FORMAT = dwarf;
				ENABLE_STRICT_OBJC_MSGSEND = YES;
				ENABLE_TESTABILITY = YES;
				ENABLE_USER_SCRIPT_SANDBOXING = YES;
				GCC_C_LANGUAGE_STANDARD = gnu17;
				GCC_DYNAMIC_NO_PIC = NO;
				GCC_NO_COMMON_BLOCKS = YES;
				GCC_OPTIMIZATION_LEVEL = 0;
				GCC_PREPROCESSOR_DEFINITIONS = (
					"DEBUG=1",
					"$(inherited)",
				);
				GCC_WARN_64_TO_32_BIT_CONVERSION = YES;
				GCC_WARN_ABOUT_RETURN_TYPE = YES_ERROR;
				GCC_WARN_UNDECLARED_SELECTOR = YES;
				GCC_WARN_UNINITIALIZED_AUTOS = YES_AGGRESSIVE;
				GCC_WARN_UNUSED_FUNCTION = YES;
				GCC_WARN_UNUSED_VARIABLE = YES;
				IPHONEOS_DEPLOYMENT_TARGET = 17.2;
				LOCALIZATION_PREFERS_STRING_CATALOGS = YES;
				MTL_ENABLE_DEBUG_INFO = INCLUDE_SOURCE;
				MTL_FAST_MATH = YES;
				ONLY_ACTIVE_ARCH = YES;
				SDKROOT = iphoneos;
				SWIFT_ACTIVE_COMPILATION_CONDITIONS = "DEBUG $(inherited)";
				SWIFT_OPTIMIZATION_LEVEL = "-Onone";
			};
			name = Debug;
		};
		C1F57E922C2439D900DD3B90 /* Release */ = {
			isa = XCBuildConfiguration;
			buildSettings = {
				ALWAYS_SEARCH_USER_PATHS = NO;
				ASSETCATALOG_COMPILER_GENERATE_SWIFT_ASSET_SYMBOL_EXTENSIONS = YES;
				CLANG_ANALYZER_NONNULL = YES;
				CLANG_ANALYZER_NUMBER_OBJECT_CONVERSION = YES_AGGRESSIVE;
				CLANG_CXX_LANGUAGE_STANDARD = "gnu++20";
				CLANG_ENABLE_MODULES = YES;
				CLANG_ENABLE_OBJC_ARC = YES;
				CLANG_ENABLE_OBJC_WEAK = YES;
				CLANG_WARN_BLOCK_CAPTURE_AUTORELEASING = YES;
				CLANG_WARN_BOOL_CONVERSION = YES;
				CLANG_WARN_COMMA = YES;
				CLANG_WARN_CONSTANT_CONVERSION = YES;
				CLANG_WARN_DEPRECATED_OBJC_IMPLEMENTATIONS = YES;
				CLANG_WARN_DIRECT_OBJC_ISA_USAGE = YES_ERROR;
				CLANG_WARN_DOCUMENTATION_COMMENTS = YES;
				CLANG_WARN_EMPTY_BODY = YES;
				CLANG_WARN_ENUM_CONVERSION = YES;
				CLANG_WARN_INFINITE_RECURSION = YES;
				CLANG_WARN_INT_CONVERSION = YES;
				CLANG_WARN_NON_LITERAL_NULL_CONVERSION = YES;
				CLANG_WARN_OBJC_IMPLICIT_RETAIN_SELF = YES;
				CLANG_WARN_OBJC_LITERAL_CONVERSION = YES;
				CLANG_WARN_OBJC_ROOT_CLASS = YES_ERROR;
				CLANG_WARN_QUOTED_INCLUDE_IN_FRAMEWORK_HEADER = YES;
				CLANG_WARN_RANGE_LOOP_ANALYSIS = YES;
				CLANG_WARN_STRICT_PROTOTYPES = YES;
				CLANG_WARN_SUSPICIOUS_MOVE = YES;
				CLANG_WARN_UNGUARDED_AVAILABILITY = YES_AGGRESSIVE;
				CLANG_WARN_UNREACHABLE_CODE = YES;
				CLANG_WARN__DUPLICATE_METHOD_MATCH = YES;
				COPY_PHASE_STRIP = NO;
				DEBUG_INFORMATION_FORMAT = "dwarf-with-dsym";
				ENABLE_NS_ASSERTIONS = NO;
				ENABLE_STRICT_OBJC_MSGSEND = YES;
				ENABLE_USER_SCRIPT_SANDBOXING = YES;
				GCC_C_LANGUAGE_STANDARD = gnu17;
				GCC_NO_COMMON_BLOCKS = YES;
				GCC_WARN_64_TO_32_BIT_CONVERSION = YES;
				GCC_WARN_ABOUT_RETURN_TYPE = YES_ERROR;
				GCC_WARN_UNDECLARED_SELECTOR = YES;
				GCC_WARN_UNINITIALIZED_AUTOS = YES_AGGRESSIVE;
				GCC_WARN_UNUSED_FUNCTION = YES;
				GCC_WARN_UNUSED_VARIABLE = YES;
				IPHONEOS_DEPLOYMENT_TARGET = 17.2;
				LOCALIZATION_PREFERS_STRING_CATALOGS = YES;
				MTL_ENABLE_DEBUG_INFO = NO;
				MTL_FAST_MATH = YES;
				SDKROOT = iphoneos;
				SWIFT_COMPILATION_MODE = wholemodule;
				VALIDATE_PRODUCT = YES;
			};
			name = Release;
		};
		C1F57E942C2439D900DD3B90 /* Debug */ = {
			isa = XCBuildConfiguration;
			buildSettings = {
				ASSETCATALOG_COMPILER_APPICON_NAME = AppIcon;
				ASSETCATALOG_COMPILER_GLOBAL_ACCENT_COLOR_NAME = AccentColor;
				CODE_SIGN_STYLE = Automatic;
				CURRENT_PROJECT_VERSION = 1;
				DEVELOPMENT_TEAM = YNMVQCYBUU;
				GENERATE_INFOPLIST_FILE = YES;
				INFOPLIST_FILE = SwiftDevLab/Info.plist;
				INFOPLIST_KEY_UIApplicationSupportsIndirectInputEvents = YES;
				INFOPLIST_KEY_UILaunchStoryboardName = LaunchScreen;
				INFOPLIST_KEY_UIStatusBarStyle = "";
				INFOPLIST_KEY_UISupportedInterfaceOrientations_iPad = "UIInterfaceOrientationPortrait UIInterfaceOrientationPortraitUpsideDown UIInterfaceOrientationLandscapeLeft UIInterfaceOrientationLandscapeRight";
				INFOPLIST_KEY_UISupportedInterfaceOrientations_iPhone = "UIInterfaceOrientationPortrait UIInterfaceOrientationLandscapeLeft UIInterfaceOrientationLandscapeRight";
				LD_RUNPATH_SEARCH_PATHS = (
					"$(inherited)",
					"@executable_path/Frameworks",
				);
				MARKETING_VERSION = 1.0;
				PRODUCT_BUNDLE_IDENTIFIER = com.ckaktsis.SwiftDevLab;
				PRODUCT_NAME = "$(TARGET_NAME)";
				SWIFT_EMIT_LOC_STRINGS = YES;
				SWIFT_VERSION = 5.0;
				TARGETED_DEVICE_FAMILY = "1,2";
			};
			name = Debug;
		};
		C1F57E952C2439D900DD3B90 /* Release */ = {
			isa = XCBuildConfiguration;
			buildSettings = {
				ASSETCATALOG_COMPILER_APPICON_NAME = AppIcon;
				ASSETCATALOG_COMPILER_GLOBAL_ACCENT_COLOR_NAME = AccentColor;
				CODE_SIGN_STYLE = Automatic;
				CURRENT_PROJECT_VERSION = 1;
				DEVELOPMENT_TEAM = YNMVQCYBUU;
				GENERATE_INFOPLIST_FILE = YES;
				INFOPLIST_FILE = SwiftDevLab/Info.plist;
				INFOPLIST_KEY_UIApplicationSupportsIndirectInputEvents = YES;
				INFOPLIST_KEY_UILaunchStoryboardName = LaunchScreen;
				INFOPLIST_KEY_UIStatusBarStyle = "";
				INFOPLIST_KEY_UISupportedInterfaceOrientations_iPad = "UIInterfaceOrientationPortrait UIInterfaceOrientationPortraitUpsideDown UIInterfaceOrientationLandscapeLeft UIInterfaceOrientationLandscapeRight";
				INFOPLIST_KEY_UISupportedInterfaceOrientations_iPhone = "UIInterfaceOrientationPortrait UIInterfaceOrientationLandscapeLeft UIInterfaceOrientationLandscapeRight";
				LD_RUNPATH_SEARCH_PATHS = (
					"$(inherited)",
					"@executable_path/Frameworks",
				);
				MARKETING_VERSION = 1.0;
				PRODUCT_BUNDLE_IDENTIFIER = com.ckaktsis.SwiftDevLab;
				PRODUCT_NAME = "$(TARGET_NAME)";
				SWIFT_EMIT_LOC_STRINGS = YES;
				SWIFT_VERSION = 5.0;
				TARGETED_DEVICE_FAMILY = "1,2";
			};
			name = Release;
		};
		C1F57E972C2439D900DD3B90 /* Debug */ = {
			isa = XCBuildConfiguration;
			buildSettings = {
				ALWAYS_EMBED_SWIFT_STANDARD_LIBRARIES = YES;
				BUNDLE_LOADER = "$(TEST_HOST)";
				CODE_SIGN_STYLE = Automatic;
				CURRENT_PROJECT_VERSION = 1;
				DEVELOPMENT_TEAM = YNMVQCYBUU;
				GENERATE_INFOPLIST_FILE = YES;
				IPHONEOS_DEPLOYMENT_TARGET = 17.2;
				MARKETING_VERSION = 1.0;
				PRODUCT_BUNDLE_IDENTIFIER = com.ckaktsis.SwiftDevLabTests;
				PRODUCT_NAME = "$(TARGET_NAME)";
				SWIFT_EMIT_LOC_STRINGS = NO;
				SWIFT_VERSION = 5.0;
				TARGETED_DEVICE_FAMILY = "1,2";
				TEST_HOST = "$(BUILT_PRODUCTS_DIR)/SwiftDevLab.app/$(BUNDLE_EXECUTABLE_FOLDER_PATH)/SwiftDevLab";
			};
			name = Debug;
		};
		C1F57E982C2439D900DD3B90 /* Release */ = {
			isa = XCBuildConfiguration;
			buildSettings = {
				ALWAYS_EMBED_SWIFT_STANDARD_LIBRARIES = YES;
				BUNDLE_LOADER = "$(TEST_HOST)";
				CODE_SIGN_STYLE = Automatic;
				CURRENT_PROJECT_VERSION = 1;
				DEVELOPMENT_TEAM = YNMVQCYBUU;
				GENERATE_INFOPLIST_FILE = YES;
				IPHONEOS_DEPLOYMENT_TARGET = 17.2;
				MARKETING_VERSION = 1.0;
				PRODUCT_BUNDLE_IDENTIFIER = com.ckaktsis.SwiftDevLabTests;
				PRODUCT_NAME = "$(TARGET_NAME)";
				SWIFT_EMIT_LOC_STRINGS = NO;
				SWIFT_VERSION = 5.0;
				TARGETED_DEVICE_FAMILY = "1,2";
				TEST_HOST = "$(BUILT_PRODUCTS_DIR)/SwiftDevLab.app/$(BUNDLE_EXECUTABLE_FOLDER_PATH)/SwiftDevLab";
			};
			name = Release;
		};
		C1F57E9A2C2439D900DD3B90 /* Debug */ = {
			isa = XCBuildConfiguration;
			buildSettings = {
				ALWAYS_EMBED_SWIFT_STANDARD_LIBRARIES = YES;
				CODE_SIGN_STYLE = Automatic;
				CURRENT_PROJECT_VERSION = 1;
				DEVELOPMENT_TEAM = YNMVQCYBUU;
				GENERATE_INFOPLIST_FILE = YES;
				MARKETING_VERSION = 1.0;
				PRODUCT_BUNDLE_IDENTIFIER = com.ckaktsis.SwiftDevLabUITests;
				PRODUCT_NAME = "$(TARGET_NAME)";
				SWIFT_EMIT_LOC_STRINGS = NO;
				SWIFT_VERSION = 5.0;
				TARGETED_DEVICE_FAMILY = "1,2";
				TEST_TARGET_NAME = SwiftDevLab;
			};
			name = Debug;
		};
		C1F57E9B2C2439D900DD3B90 /* Release */ = {
			isa = XCBuildConfiguration;
			buildSettings = {
				ALWAYS_EMBED_SWIFT_STANDARD_LIBRARIES = YES;
				CODE_SIGN_STYLE = Automatic;
				CURRENT_PROJECT_VERSION = 1;
				DEVELOPMENT_TEAM = YNMVQCYBUU;
				GENERATE_INFOPLIST_FILE = YES;
				MARKETING_VERSION = 1.0;
				PRODUCT_BUNDLE_IDENTIFIER = com.ckaktsis.SwiftDevLabUITests;
				PRODUCT_NAME = "$(TARGET_NAME)";
				SWIFT_EMIT_LOC_STRINGS = NO;
				SWIFT_VERSION = 5.0;
				TARGETED_DEVICE_FAMILY = "1,2";
				TEST_TARGET_NAME = SwiftDevLab;
			};
			name = Release;
		};
/* End XCBuildConfiguration section */

/* Begin XCConfigurationList section */
		C1F57E642C2439D800DD3B90 /* Build configuration list for PBXProject "SwiftDevLab" */ = {
			isa = XCConfigurationList;
			buildConfigurations = (
				C1F57E912C2439D900DD3B90 /* Debug */,
				C1F57E922C2439D900DD3B90 /* Release */,
			);
			defaultConfigurationIsVisible = 0;
			defaultConfigurationName = Release;
		};
		C1F57E932C2439D900DD3B90 /* Build configuration list for PBXNativeTarget "SwiftDevLab" */ = {
			isa = XCConfigurationList;
			buildConfigurations = (
				C1F57E942C2439D900DD3B90 /* Debug */,
				C1F57E952C2439D900DD3B90 /* Release */,
			);
			defaultConfigurationIsVisible = 0;
			defaultConfigurationName = Release;
		};
		C1F57E962C2439D900DD3B90 /* Build configuration list for PBXNativeTarget "SwiftDevLabTests" */ = {
			isa = XCConfigurationList;
			buildConfigurations = (
				C1F57E972C2439D900DD3B90 /* Debug */,
				C1F57E982C2439D900DD3B90 /* Release */,
			);
			defaultConfigurationIsVisible = 0;
			defaultConfigurationName = Release;
		};
		C1F57E992C2439D900DD3B90 /* Build configuration list for PBXNativeTarget "SwiftDevLabUITests" */ = {
			isa = XCConfigurationList;
			buildConfigurations = (
				C1F57E9A2C2439D900DD3B90 /* Debug */,
				C1F57E9B2C2439D900DD3B90 /* Release */,
			);
			defaultConfigurationIsVisible = 0;
			defaultConfigurationName = Release;
		};
/* End XCConfigurationList section */
	};
	rootObject = C1F57E612C2439D800DD3B90 /* Project object */;
}
