// !$*UTF8*$!
{
	archiveVersion = 1;
	classes = {
	};
	objectVersion = 56;
	objects = {

/* Begin PBXBuildFile section */
		C1562ADC2C5A2B6D0049EF0D /* PokemonRepositoryImpl.swift in Sources */ = {isa = PBXBuildFile; fileRef = C1562ADB2C5A2B6D0049EF0D /* PokemonRepositoryImpl.swift */; };
		C1562ADE2C5A2BCD0049EF0D /* RemoteDataSource.swift in Sources */ = {isa = PBXBuildFile; fileRef = C1562ADD2C5A2BCD0049EF0D /* RemoteDataSource.swift */; };
		C1562AF12C5A2CF10049EF0D /* PokemonDTO.swift in Sources */ = {isa = PBXBuildFile; fileRef = C1562AF02C5A2CF10049EF0D /* PokemonDTO.swift */; };
		C1562AF42C5A2DA20049EF0D /* PokemonMapper.swift in Sources */ = {isa = PBXBuildFile; fileRef = C1562AF32C5A2DA20049EF0D /* PokemonMapper.swift */; };
		C1BAA60A2C89A8DD00585923 /* Counter.swift in Sources */ = {isa = PBXBuildFile; fileRef = C1BAA6092C89A8DD00585923 /* Counter.swift */; };
		C1BAA60C2C89ABE800585923 /* CacheEntryObject.swift in Sources */ = {isa = PBXBuildFile; fileRef = C1BAA60B2C89ABE800585923 /* CacheEntryObject.swift */; };
		C1BAA60E2C89ACF900585923 /* NSCache+Subscript.swift in Sources */ = {isa = PBXBuildFile; fileRef = C1BAA60D2C89ACF900585923 /* NSCache+Subscript.swift */; };
		C1D481B62C7C898E00B00DC9 /* Domain.framework in Frameworks */ = {isa = PBXBuildFile; fileRef = C1562AD82C5A2B440049EF0D /* Domain.framework */; };
		C1DF9BAB2C5CF672006B8CF8 /* InjectDependencies.swift in Sources */ = {isa = PBXBuildFile; fileRef = C1DF9BAA2C5CF672006B8CF8 /* InjectDependencies.swift */; };
		C1F48D2F2C5A206E00625C30 /* Data.docc in Sources */ = {isa = PBXBuildFile; fileRef = C1F48D2E2C5A206E00625C30 /* Data.docc */; };
		C1F48D352C5A206E00625C30 /* Data.framework in Frameworks */ = {isa = PBXBuildFile; fileRef = C1F48D2A2C5A206E00625C30 /* Data.framework */; };
		C1F48D3A2C5A206E00625C30 /* DataTests.swift in Sources */ = {isa = PBXBuildFile; fileRef = C1F48D392C5A206E00625C30 /* DataTests.swift */; };
		C1F48D3B2C5A206E00625C30 /* Data.h in Headers */ = {isa = PBXBuildFile; fileRef = C1F48D2D2C5A206E00625C30 /* Data.h */; settings = {ATTRIBUTES = (Public, ); }; };
		E7FC3D7C8636400566D398FB /* Pods_Data.framework in Frameworks */ = {isa = PBXBuildFile; fileRef = 1BA9AC66F27D17E28B6E6D83 /* Pods_Data.framework */; };
/* End PBXBuildFile section */

/* Begin PBXContainerItemProxy section */
		C1562AD72C5A2B440049EF0D /* PBXContainerItemProxy */ = {
			isa = PBXContainerItemProxy;
			containerPortal = C1562AD22C5A2B440049EF0D /* Domain.xcodeproj */;
			proxyType = 2;
			remoteGlobalIDString = C1EDDFA12C2AA13E00D6FA62;
			remoteInfo = Domain;
		};
		C1562AD92C5A2B440049EF0D /* PBXContainerItemProxy */ = {
			isa = PBXContainerItemProxy;
			containerPortal = C1562AD22C5A2B440049EF0D /* Domain.xcodeproj */;
			proxyType = 2;
			remoteGlobalIDString = C1EDDFAB2C2AA13E00D6FA62;
			remoteInfo = DomainTests;
		};
		C1F48D362C5A206E00625C30 /* PBXContainerItemProxy */ = {
			isa = PBXContainerItemProxy;
			containerPortal = C1F48D212C5A206E00625C30 /* Project object */;
			proxyType = 1;
			remoteGlobalIDString = C1F48D292C5A206E00625C30;
			remoteInfo = Data;
		};
/* End PBXContainerItemProxy section */

/* Begin PBXFileReference section */
		1BA9AC66F27D17E28B6E6D83 /* Pods_Data.framework */ = {isa = PBXFileReference; explicitFileType = wrapper.framework; includeInIndex = 0; path = Pods_Data.framework; sourceTree = BUILT_PRODUCTS_DIR; };
		9A7F76B7B06AB94CF9DB647E /* Pods-Data.debug.xcconfig */ = {isa = PBXFileReference; includeInIndex = 1; lastKnownFileType = text.xcconfig; name = "Pods-Data.debug.xcconfig"; path = "Target Support Files/Pods-Data/Pods-Data.debug.xcconfig"; sourceTree = "<group>"; };
		C1562AD22C5A2B440049EF0D /* Domain.xcodeproj */ = {isa = PBXFileReference; lastKnownFileType = "wrapper.pb-project"; name = Domain.xcodeproj; path = ../../../Domain/Domain.xcodeproj; sourceTree = "<group>"; };
		C1562ADB2C5A2B6D0049EF0D /* PokemonRepositoryImpl.swift */ = {isa = PBXFileReference; lastKnownFileType = sourcecode.swift; path = PokemonRepositoryImpl.swift; sourceTree = "<group>"; };
		C1562ADD2C5A2BCD0049EF0D /* RemoteDataSource.swift */ = {isa = PBXFileReference; lastKnownFileType = sourcecode.swift; path = RemoteDataSource.swift; sourceTree = "<group>"; };
		C1562AF02C5A2CF10049EF0D /* PokemonDTO.swift */ = {isa = PBXFileReference; lastKnownFileType = sourcecode.swift; path = PokemonDTO.swift; sourceTree = "<group>"; };
		C1562AF32C5A2DA20049EF0D /* PokemonMapper.swift */ = {isa = PBXFileReference; lastKnownFileType = sourcecode.swift; path = PokemonMapper.swift; sourceTree = "<group>"; };
		C1BAA6092C89A8DD00585923 /* Counter.swift */ = {isa = PBXFileReference; lastKnownFileType = sourcecode.swift; path = Counter.swift; sourceTree = "<group>"; };
		C1BAA60B2C89ABE800585923 /* CacheEntryObject.swift */ = {isa = PBXFileReference; lastKnownFileType = sourcecode.swift; path = CacheEntryObject.swift; sourceTree = "<group>"; };
		C1BAA60D2C89ACF900585923 /* NSCache+Subscript.swift */ = {isa = PBXFileReference; lastKnownFileType = sourcecode.swift; path = "NSCache+Subscript.swift"; sourceTree = "<group>"; };
		C1DF9BAA2C5CF672006B8CF8 /* InjectDependencies.swift */ = {isa = PBXFileReference; lastKnownFileType = sourcecode.swift; path = InjectDependencies.swift; sourceTree = "<group>"; };
		C1F48D2A2C5A206E00625C30 /* Data.framework */ = {isa = PBXFileReference; explicitFileType = wrapper.framework; includeInIndex = 0; path = Data.framework; sourceTree = BUILT_PRODUCTS_DIR; };
		C1F48D2D2C5A206E00625C30 /* Data.h */ = {isa = PBXFileReference; lastKnownFileType = sourcecode.c.h; path = Data.h; sourceTree = "<group>"; };
		C1F48D2E2C5A206E00625C30 /* Data.docc */ = {isa = PBXFileReference; lastKnownFileType = folder.documentationcatalog; path = Data.docc; sourceTree = "<group>"; };
		C1F48D342C5A206E00625C30 /* DataTests.xctest */ = {isa = PBXFileReference; explicitFileType = wrapper.cfbundle; includeInIndex = 0; path = DataTests.xctest; sourceTree = BUILT_PRODUCTS_DIR; };
		C1F48D392C5A206E00625C30 /* DataTests.swift */ = {isa = PBXFileReference; lastKnownFileType = sourcecode.swift; path = DataTests.swift; sourceTree = "<group>"; };
		FBDAD9A103CD4374F758125C /* Pods-Data.release.xcconfig */ = {isa = PBXFileReference; includeInIndex = 1; lastKnownFileType = text.xcconfig; name = "Pods-Data.release.xcconfig"; path = "Target Support Files/Pods-Data/Pods-Data.release.xcconfig"; sourceTree = "<group>"; };
/* End PBXFileReference section */

/* Begin PBXFrameworksBuildPhase section */
		C1F48D272C5A206E00625C30 /* Frameworks */ = {
			isa = PBXFrameworksBuildPhase;
			buildActionMask = 2147483647;
			files = (
				C1D481B62C7C898E00B00DC9 /* Domain.framework in Frameworks */,
				E7FC3D7C8636400566D398FB /* Pods_Data.framework in Frameworks */,
			);
			runOnlyForDeploymentPostprocessing = 0;
		};
		C1F48D312C5A206E00625C30 /* Frameworks */ = {
			isa = PBXFrameworksBuildPhase;
			buildActionMask = 2147483647;
			files = (
				C1F48D352C5A206E00625C30 /* Data.framework in Frameworks */,
			);
			runOnlyForDeploymentPostprocessing = 0;
		};
/* End PBXFrameworksBuildPhase section */

/* Begin PBXGroup section */
		360A461A5632D6C0592AF7E0 /* Pods */ = {
			isa = PBXGroup;
			children = (
				9A7F76B7B06AB94CF9DB647E /* Pods-Data.debug.xcconfig */,
				FBDAD9A103CD4374F758125C /* Pods-Data.release.xcconfig */,
			);
			name = Pods;
			path = ../Pods;
			sourceTree = "<group>";
		};
		7E0A0F5BE91F09C6BCF89D5E /* Frameworks */ = {
			isa = PBXGroup;
			children = (
				1BA9AC66F27D17E28B6E6D83 /* Pods_Data.framework */,
			);
			name = Frameworks;
			sourceTree = "<group>";
		};
		C1562ACF2C5A2AF70049EF0D /* Repositories */ = {
			isa = PBXGroup;
			children = (
				C1562ADB2C5A2B6D0049EF0D /* PokemonRepositoryImpl.swift */,
			);
			path = Repositories;
			sourceTree = "<group>";
		};
		C1562AD12C5A2B3B0049EF0D /* Dependecies */ = {
			isa = PBXGroup;
			children = (
				C1562AD22C5A2B440049EF0D /* Domain.xcodeproj */,
			);
			path = Dependecies;
			sourceTree = "<group>";
		};
		C1562AD32C5A2B440049EF0D /* Products */ = {
			isa = PBXGroup;
			children = (
				C1562AD82C5A2B440049EF0D /* Domain.framework */,
				C1562ADA2C5A2B440049EF0D /* DomainTests.xctest */,
			);
			name = Products;
			sourceTree = "<group>";
		};
		C1562ADF2C5A2CAB0049EF0D /* Models */ = {
			isa = PBXGroup;
			children = (
				C1562AF02C5A2CF10049EF0D /* PokemonDTO.swift */,
			);
			path = Models;
			sourceTree = "<group>";
		};
		C1562AF22C5A2D870049EF0D /* Mappers */ = {
			isa = PBXGroup;
			children = (
				C1562AF32C5A2DA20049EF0D /* PokemonMapper.swift */,
			);
			path = Mappers;
			sourceTree = "<group>";
		};
		C1BAA6062C89A8CE00585923 /* Actors */ = {
			isa = PBXGroup;
			children = (
				C1BAA6092C89A8DD00585923 /* Counter.swift */,
			);
			path = Actors;
			sourceTree = "<group>";
		};
		C1BAA60F2C89C88700585923 /* Caching */ = {
			isa = PBXGroup;
			children = (
				C1BAA60B2C89ABE800585923 /* CacheEntryObject.swift */,
				C1BAA60D2C89ACF900585923 /* NSCache+Subscript.swift */,
			);
			path = Caching;
			sourceTree = "<group>";
		};
		C1DF9BA72C5CF664006B8CF8 /* Di */ = {
			isa = PBXGroup;
			children = (
				C1DF9BAA2C5CF672006B8CF8 /* InjectDependencies.swift */,
			);
			path = Di;
			sourceTree = "<group>";
		};
		C1F48D202C5A206E00625C30 = {
			isa = PBXGroup;
			children = (
				C1F48D2C2C5A206E00625C30 /* Data */,
				C1F48D382C5A206E00625C30 /* DataTests */,
				C1F48D2B2C5A206E00625C30 /* Products */,
				360A461A5632D6C0592AF7E0 /* Pods */,
				7E0A0F5BE91F09C6BCF89D5E /* Frameworks */,
			);
			sourceTree = "<group>";
		};
		C1F48D2B2C5A206E00625C30 /* Products */ = {
			isa = PBXGroup;
			children = (
				C1F48D2A2C5A206E00625C30 /* Data.framework */,
				C1F48D342C5A206E00625C30 /* DataTests.xctest */,
			);
			name = Products;
			sourceTree = "<group>";
		};
		C1F48D2C2C5A206E00625C30 /* Data */ = {
			isa = PBXGroup;
			children = (
				C1DF9BA72C5CF664006B8CF8 /* Di */,
				C1562AD12C5A2B3B0049EF0D /* Dependecies */,
				C1562ACF2C5A2AF70049EF0D /* Repositories */,
				C1F48D492C5A243800625C30 /* Database */,
				C1F48D472C5A241B00625C30 /* Network */,
				C1F48D2D2C5A206E00625C30 /* Data.h */,
				C1F48D2E2C5A206E00625C30 /* Data.docc */,
			);
			path = Data;
			sourceTree = "<group>";
		};
		C1F48D382C5A206E00625C30 /* DataTests */ = {
			isa = PBXGroup;
			children = (
				C1F48D392C5A206E00625C30 /* DataTests.swift */,
			);
			path = DataTests;
			sourceTree = "<group>";
		};
		C1F48D472C5A241B00625C30 /* Network */ = {
			isa = PBXGroup;
			children = (
				C1BAA60F2C89C88700585923 /* Caching */,
				C1BAA6062C89A8CE00585923 /* Actors */,
				C1562AF22C5A2D870049EF0D /* Mappers */,
				C1562ADF2C5A2CAB0049EF0D /* Models */,
				C1562ADD2C5A2BCD0049EF0D /* RemoteDataSource.swift */,
			);
			path = Network;
			sourceTree = "<group>";
		};
		C1F48D492C5A243800625C30 /* Database */ = {
			isa = PBXGroup;
			children = (
			);
			path = Database;
			sourceTree = "<group>";
		};
/* End PBXGroup section */

/* Begin PBXHeadersBuildPhase section */
		C1F48D252C5A206E00625C30 /* Headers */ = {
			isa = PBXHeadersBuildPhase;
			buildActionMask = 2147483647;
			files = (
				C1F48D3B2C5A206E00625C30 /* Data.h in Headers */,
			);
			runOnlyForDeploymentPostprocessing = 0;
		};
/* End PBXHeadersBuildPhase section */

/* Begin PBXNativeTarget section */
		C1F48D292C5A206E00625C30 /* Data */ = {
			isa = PBXNativeTarget;
			buildConfigurationList = C1F48D3E2C5A206E00625C30 /* Build configuration list for PBXNativeTarget "Data" */;
			buildPhases = (
				B273B86638329F7B1DD49D1A /* [CP] Check Pods Manifest.lock */,
				C1F48D252C5A206E00625C30 /* Headers */,
				C1F48D262C5A206E00625C30 /* Sources */,
				C1F48D272C5A206E00625C30 /* Frameworks */,
				C1F48D282C5A206E00625C30 /* Resources */,
			);
			buildRules = (
			);
			dependencies = (
			);
			name = Data;
			productName = Data;
			productReference = C1F48D2A2C5A206E00625C30 /* Data.framework */;
			productType = "com.apple.product-type.framework";
		};
		C1F48D332C5A206E00625C30 /* DataTests */ = {
			isa = PBXNativeTarget;
			buildConfigurationList = C1F48D412C5A206E00625C30 /* Build configuration list for PBXNativeTarget "DataTests" */;
			buildPhases = (
				C1F48D302C5A206E00625C30 /* Sources */,
				C1F48D312C5A206E00625C30 /* Frameworks */,
				C1F48D322C5A206E00625C30 /* Resources */,
			);
			buildRules = (
			);
			dependencies = (
				C1F48D372C5A206E00625C30 /* PBXTargetDependency */,
			);
			name = DataTests;
			productName = DataTests;
			productReference = C1F48D342C5A206E00625C30 /* DataTests.xctest */;
			productType = "com.apple.product-type.bundle.unit-test";
		};
/* End PBXNativeTarget section */

/* Begin PBXProject section */
		C1F48D212C5A206E00625C30 /* Project object */ = {
			isa = PBXProject;
			attributes = {
				BuildIndependentTargetsInParallel = 1;
				LastSwiftUpdateCheck = 1520;
				LastUpgradeCheck = 1520;
				TargetAttributes = {
					C1F48D292C5A206E00625C30 = {
						CreatedOnToolsVersion = 15.2;
					};
					C1F48D332C5A206E00625C30 = {
						CreatedOnToolsVersion = 15.2;
					};
				};
			};
			buildConfigurationList = C1F48D242C5A206E00625C30 /* Build configuration list for PBXProject "Data" */;
			compatibilityVersion = "Xcode 14.0";
			developmentRegion = en;
			hasScannedForEncodings = 0;
			knownRegions = (
				en,
				Base,
			);
			mainGroup = C1F48D202C5A206E00625C30;
			productRefGroup = C1F48D2B2C5A206E00625C30 /* Products */;
			projectDirPath = "";
			projectReferences = (
				{
					ProductGroup = C1562AD32C5A2B440049EF0D /* Products */;
					ProjectRef = C1562AD22C5A2B440049EF0D /* Domain.xcodeproj */;
				},
			);
			projectRoot = "";
			targets = (
				C1F48D292C5A206E00625C30 /* Data */,
				C1F48D332C5A206E00625C30 /* DataTests */,
			);
		};
/* End PBXProject section */

/* Begin PBXReferenceProxy section */
		C1562AD82C5A2B440049EF0D /* Domain.framework */ = {
			isa = PBXReferenceProxy;
			fileType = wrapper.framework;
			path = Domain.framework;
			remoteRef = C1562AD72C5A2B440049EF0D /* PBXContainerItemProxy */;
			sourceTree = BUILT_PRODUCTS_DIR;
		};
		C1562ADA2C5A2B440049EF0D /* DomainTests.xctest */ = {
			isa = PBXReferenceProxy;
			fileType = wrapper.cfbundle;
			path = DomainTests.xctest;
			remoteRef = C1562AD92C5A2B440049EF0D /* PBXContainerItemProxy */;
			sourceTree = BUILT_PRODUCTS_DIR;
		};
/* End PBXReferenceProxy section */

/* Begin PBXResourcesBuildPhase section */
		C1F48D282C5A206E00625C30 /* Resources */ = {
			isa = PBXResourcesBuildPhase;
			buildActionMask = 2147483647;
			files = (
			);
			runOnlyForDeploymentPostprocessing = 0;
		};
		C1F48D322C5A206E00625C30 /* Resources */ = {
			isa = PBXResourcesBuildPhase;
			buildActionMask = 2147483647;
			files = (
			);
			runOnlyForDeploymentPostprocessing = 0;
		};
/* End PBXResourcesBuildPhase section */

/* Begin PBXShellScriptBuildPhase section */
		B273B86638329F7B1DD49D1A /* [CP] Check Pods Manifest.lock */ = {
			isa = PBXShellScriptBuildPhase;
			buildActionMask = 2147483647;
			files = (
			);
			inputFileListPaths = (
			);
			inputPaths = (
				"${PODS_PODFILE_DIR_PATH}/Podfile.lock",
				"${PODS_ROOT}/Manifest.lock",
			);
			name = "[CP] Check Pods Manifest.lock";
			outputFileListPaths = (
			);
			outputPaths = (
				"$(DERIVED_FILE_DIR)/Pods-Data-checkManifestLockResult.txt",
			);
			runOnlyForDeploymentPostprocessing = 0;
			shellPath = /bin/sh;
			shellScript = "diff \"${PODS_PODFILE_DIR_PATH}/Podfile.lock\" \"${PODS_ROOT}/Manifest.lock\" > /dev/null\nif [ $? != 0 ] ; then\n    # print error to STDERR\n    echo \"error: The sandbox is not in sync with the Podfile.lock. Run 'pod install' or update your CocoaPods installation.\" >&2\n    exit 1\nfi\n# This output is used by Xcode 'outputs' to avoid re-running this script phase.\necho \"SUCCESS\" > \"${SCRIPT_OUTPUT_FILE_0}\"\n";
			showEnvVarsInLog = 0;
		};
/* End PBXShellScriptBuildPhase section */

/* Begin PBXSourcesBuildPhase section */
		C1F48D262C5A206E00625C30 /* Sources */ = {
			isa = PBXSourcesBuildPhase;
			buildActionMask = 2147483647;
			files = (
				C1F48D2F2C5A206E00625C30 /* Data.docc in Sources */,
				C1562ADE2C5A2BCD0049EF0D /* RemoteDataSource.swift in Sources */,
				C1562ADC2C5A2B6D0049EF0D /* PokemonRepositoryImpl.swift in Sources */,
				C1BAA60E2C89ACF900585923 /* NSCache+Subscript.swift in Sources */,
				C1DF9BAB2C5CF672006B8CF8 /* InjectDependencies.swift in Sources */,
				C1562AF42C5A2DA20049EF0D /* PokemonMapper.swift in Sources */,
				C1BAA60C2C89ABE800585923 /* CacheEntryObject.swift in Sources */,
				C1562AF12C5A2CF10049EF0D /* PokemonDTO.swift in Sources */,
				C1BAA60A2C89A8DD00585923 /* Counter.swift in Sources */,
			);
			runOnlyForDeploymentPostprocessing = 0;
		};
		C1F48D302C5A206E00625C30 /* Sources */ = {
			isa = PBXSourcesBuildPhase;
			buildActionMask = 2147483647;
			files = (
				C1F48D3A2C5A206E00625C30 /* DataTests.swift in Sources */,
			);
			runOnlyForDeploymentPostprocessing = 0;
		};
/* End PBXSourcesBuildPhase section */

/* Begin PBXTargetDependency section */
		C1F48D372C5A206E00625C30 /* PBXTargetDependency */ = {
			isa = PBXTargetDependency;
			target = C1F48D292C5A206E00625C30 /* Data */;
			targetProxy = C1F48D362C5A206E00625C30 /* PBXContainerItemProxy */;
		};
/* End PBXTargetDependency section */

/* Begin XCBuildConfiguration section */
		C1F48D3C2C5A206E00625C30 /* Debug */ = {
			isa = XCBuildConfiguration;
			buildSettings = {
				ALWAYS_SEARCH_USER_PATHS = NO;
				ASSETCATALOG_COMPILER_GENERATE_SWIFT_ASSET_SYMBOL_EXTENSIONS = YES;
				CLANG_ANALYZER_NONNULL = YES;
				CLANG_ANALYZER_NUMBER_OBJECT_CONVERSION = YES_AGGRESSIVE;
				CLANG_CXX_LANGUAGE_STANDARD = "gnu++20";
				CLANG_ENABLE_MODULES = YES;
				CLANG_ENABLE_OBJC_ARC = YES;
				CLANG_ENABLE_OBJC_WEAK = YES;
				CLANG_WARN_BLOCK_CAPTURE_AUTORELEASING = YES;
				CLANG_WARN_BOOL_CONVERSION = YES;
				CLANG_WARN_COMMA = YES;
				CLANG_WARN_CONSTANT_CONVERSION = YES;
				CLANG_WARN_DEPRECATED_OBJC_IMPLEMENTATIONS = YES;
				CLANG_WARN_DIRECT_OBJC_ISA_USAGE = YES_ERROR;
				CLANG_WARN_DOCUMENTATION_COMMENTS = YES;
				CLANG_WARN_EMPTY_BODY = YES;
				CLANG_WARN_ENUM_CONVERSION = YES;
				CLANG_WARN_INFINITE_RECURSION = YES;
				CLANG_WARN_INT_CONVERSION = YES;
				CLANG_WARN_NON_LITERAL_NULL_CONVERSION = YES;
				CLANG_WARN_OBJC_IMPLICIT_RETAIN_SELF = YES;
				CLANG_WARN_OBJC_LITERAL_CONVERSION = YES;
				CLANG_WARN_OBJC_ROOT_CLASS = YES_ERROR;
				CLANG_WARN_QUOTED_INCLUDE_IN_FRAMEWORK_HEADER = YES;
				CLANG_WARN_RANGE_LOOP_ANALYSIS = YES;
				CLANG_WARN_STRICT_PROTOTYPES = YES;
				CLANG_WARN_SUSPICIOUS_MOVE = YES;
				CLANG_WARN_UNGUARDED_AVAILABILITY = YES_AGGRESSIVE;
				CLANG_WARN_UNREACHABLE_CODE = YES;
				CLANG_WARN__DUPLICATE_METHOD_MATCH = YES;
				COPY_PHASE_STRIP = NO;
				CURRENT_PROJECT_VERSION = 1;
				DEBUG_INFORMATION_FORMAT = dwarf;
				ENABLE_STRICT_OBJC_MSGSEND = YES;
				ENABLE_TESTABILITY = YES;
				ENABLE_USER_SCRIPT_SANDBOXING = YES;
				GCC_C_LANGUAGE_STANDARD = gnu17;
				GCC_DYNAMIC_NO_PIC = NO;
				GCC_NO_COMMON_BLOCKS = YES;
				GCC_OPTIMIZATION_LEVEL = 0;
				GCC_PREPROCESSOR_DEFINITIONS = (
					"DEBUG=1",
					"$(inherited)",
				);
				GCC_WARN_64_TO_32_BIT_CONVERSION = YES;
				GCC_WARN_ABOUT_RETURN_TYPE = YES_ERROR;
				GCC_WARN_UNDECLARED_SELECTOR = YES;
				GCC_WARN_UNINITIALIZED_AUTOS = YES_AGGRESSIVE;
				GCC_WARN_UNUSED_FUNCTION = YES;
				GCC_WARN_UNUSED_VARIABLE = YES;
				IPHONEOS_DEPLOYMENT_TARGET = 17.2;
				LOCALIZATION_PREFERS_STRING_CATALOGS = YES;
				MTL_ENABLE_DEBUG_INFO = INCLUDE_SOURCE;
				MTL_FAST_MATH = YES;
				ONLY_ACTIVE_ARCH = YES;
				SDKROOT = iphoneos;
				SWIFT_ACTIVE_COMPILATION_CONDITIONS = "DEBUG $(inherited)";
				SWIFT_OPTIMIZATION_LEVEL = "-Onone";
				VERSIONING_SYSTEM = "apple-generic";
				VERSION_INFO_PREFIX = "";
			};
			name = Debug;
		};
		C1F48D3D2C5A206E00625C30 /* Release */ = {
			isa = XCBuildConfiguration;
			buildSettings = {
				ALWAYS_SEARCH_USER_PATHS = NO;
				ASSETCATALOG_COMPILER_GENERATE_SWIFT_ASSET_SYMBOL_EXTENSIONS = YES;
				CLANG_ANALYZER_NONNULL = YES;
				CLANG_ANALYZER_NUMBER_OBJECT_CONVERSION = YES_AGGRESSIVE;
				CLANG_CXX_LANGUAGE_STANDARD = "gnu++20";
				CLANG_ENABLE_MODULES = YES;
				CLANG_ENABLE_OBJC_ARC = YES;
				CLANG_ENABLE_OBJC_WEAK = YES;
				CLANG_WARN_BLOCK_CAPTURE_AUTORELEASING = YES;
				CLANG_WARN_BOOL_CONVERSION = YES;
				CLANG_WARN_COMMA = YES;
				CLANG_WARN_CONSTANT_CONVERSION = YES;
				CLANG_WARN_DEPRECATED_OBJC_IMPLEMENTATIONS = YES;
				CLANG_WARN_DIRECT_OBJC_ISA_USAGE = YES_ERROR;
				CLANG_WARN_DOCUMENTATION_COMMENTS = YES;
				CLANG_WARN_EMPTY_BODY = YES;
				CLANG_WARN_ENUM_CONVERSION = YES;
				CLANG_WARN_INFINITE_RECURSION = YES;
				CLANG_WARN_INT_CONVERSION = YES;
				CLANG_WARN_NON_LITERAL_NULL_CONVERSION = YES;
				CLANG_WARN_OBJC_IMPLICIT_RETAIN_SELF = YES;
				CLANG_WARN_OBJC_LITERAL_CONVERSION = YES;
				CLANG_WARN_OBJC_ROOT_CLASS = YES_ERROR;
				CLANG_WARN_QUOTED_INCLUDE_IN_FRAMEWORK_HEADER = YES;
				CLANG_WARN_RANGE_LOOP_ANALYSIS = YES;
				CLANG_WARN_STRICT_PROTOTYPES = YES;
				CLANG_WARN_SUSPICIOUS_MOVE = YES;
				CLANG_WARN_UNGUARDED_AVAILABILITY = YES_AGGRESSIVE;
				CLANG_WARN_UNREACHABLE_CODE = YES;
				CLANG_WARN__DUPLICATE_METHOD_MATCH = YES;
				COPY_PHASE_STRIP = NO;
				CURRENT_PROJECT_VERSION = 1;
				DEBUG_INFORMATION_FORMAT = "dwarf-with-dsym";
				ENABLE_NS_ASSERTIONS = NO;
				ENABLE_STRICT_OBJC_MSGSEND = YES;
				ENABLE_USER_SCRIPT_SANDBOXING = YES;
				GCC_C_LANGUAGE_STANDARD = gnu17;
				GCC_NO_COMMON_BLOCKS = YES;
				GCC_WARN_64_TO_32_BIT_CONVERSION = YES;
				GCC_WARN_ABOUT_RETURN_TYPE = YES_ERROR;
				GCC_WARN_UNDECLARED_SELECTOR = YES;
				GCC_WARN_UNINITIALIZED_AUTOS = YES_AGGRESSIVE;
				GCC_WARN_UNUSED_FUNCTION = YES;
				GCC_WARN_UNUSED_VARIABLE = YES;
				IPHONEOS_DEPLOYMENT_TARGET = 17.2;
				LOCALIZATION_PREFERS_STRING_CATALOGS = YES;
				MTL_ENABLE_DEBUG_INFO = NO;
				MTL_FAST_MATH = YES;
				SDKROOT = iphoneos;
				SWIFT_COMPILATION_MODE = wholemodule;
				VALIDATE_PRODUCT = YES;
				VERSIONING_SYSTEM = "apple-generic";
				VERSION_INFO_PREFIX = "";
			};
			name = Release;
		};
		C1F48D3F2C5A206E00625C30 /* Debug */ = {
			isa = XCBuildConfiguration;
			baseConfigurationReference = 9A7F76B7B06AB94CF9DB647E /* Pods-Data.debug.xcconfig */;
			buildSettings = {
				CODE_SIGN_STYLE = Automatic;
				CURRENT_PROJECT_VERSION = 1;
				DEFINES_MODULE = YES;
				DEVELOPMENT_TEAM = YNMVQCYBUU;
				DYLIB_COMPATIBILITY_VERSION = 1;
				DYLIB_CURRENT_VERSION = 1;
				DYLIB_INSTALL_NAME_BASE = "@rpath";
				ENABLE_MODULE_VERIFIER = YES;
				GENERATE_INFOPLIST_FILE = YES;
				INFOPLIST_KEY_NSHumanReadableCopyright = "";
				INSTALL_PATH = "$(LOCAL_LIBRARY_DIR)/Frameworks";
				LD_RUNPATH_SEARCH_PATHS = (
					"$(inherited)",
					"@executable_path/Frameworks",
					"@loader_path/Frameworks",
				);
				MARKETING_VERSION = 1.0;
				MODULE_VERIFIER_SUPPORTED_LANGUAGES = "objective-c objective-c++";
				MODULE_VERIFIER_SUPPORTED_LANGUAGE_STANDARDS = "gnu17 gnu++20";
				PRODUCT_BUNDLE_IDENTIFIER = com.ckaktsis.Data;
				PRODUCT_NAME = "$(TARGET_NAME:c99extidentifier)";
				SKIP_INSTALL = YES;
				SWIFT_EMIT_LOC_STRINGS = YES;
				SWIFT_VERSION = 5.0;
				TARGETED_DEVICE_FAMILY = "1,2";
			};
			name = Debug;
		};
		C1F48D402C5A206E00625C30 /* Release */ = {
			isa = XCBuildConfiguration;
			baseConfigurationReference = FBDAD9A103CD4374F758125C /* Pods-Data.release.xcconfig */;
			buildSettings = {
				CODE_SIGN_STYLE = Automatic;
				CURRENT_PROJECT_VERSION = 1;
				DEFINES_MODULE = YES;
				DEVELOPMENT_TEAM = YNMVQCYBUU;
				DYLIB_COMPATIBILITY_VERSION = 1;
				DYLIB_CURRENT_VERSION = 1;
				DYLIB_INSTALL_NAME_BASE = "@rpath";
				ENABLE_MODULE_VERIFIER = YES;
				GENERATE_INFOPLIST_FILE = YES;
				INFOPLIST_KEY_NSHumanReadableCopyright = "";
				INSTALL_PATH = "$(LOCAL_LIBRARY_DIR)/Frameworks";
				LD_RUNPATH_SEARCH_PATHS = (
					"$(inherited)",
					"@executable_path/Frameworks",
					"@loader_path/Frameworks",
				);
				MARKETING_VERSION = 1.0;
				MODULE_VERIFIER_SUPPORTED_LANGUAGES = "objective-c objective-c++";
				MODULE_VERIFIER_SUPPORTED_LANGUAGE_STANDARDS = "gnu17 gnu++20";
				PRODUCT_BUNDLE_IDENTIFIER = com.ckaktsis.Data;
				PRODUCT_NAME = "$(TARGET_NAME:c99extidentifier)";
				SKIP_INSTALL = YES;
				SWIFT_EMIT_LOC_STRINGS = YES;
				SWIFT_VERSION = 5.0;
				TARGETED_DEVICE_FAMILY = "1,2";
			};
			name = Release;
		};
		C1F48D422C5A206E00625C30 /* Debug */ = {
			isa = XCBuildConfiguration;
			buildSettings = {
				ALWAYS_EMBED_SWIFT_STANDARD_LIBRARIES = YES;
				CODE_SIGN_STYLE = Automatic;
				CURRENT_PROJECT_VERSION = 1;
				DEVELOPMENT_TEAM = YNMVQCYBUU;
				GENERATE_INFOPLIST_FILE = YES;
				MARKETING_VERSION = 1.0;
				PRODUCT_BUNDLE_IDENTIFIER = com.ckaktsis.DataTests;
				PRODUCT_NAME = "$(TARGET_NAME)";
				SWIFT_EMIT_LOC_STRINGS = NO;
				SWIFT_VERSION = 5.0;
				TARGETED_DEVICE_FAMILY = "1,2";
			};
			name = Debug;
		};
		C1F48D432C5A206E00625C30 /* Release */ = {
			isa = XCBuildConfiguration;
			buildSettings = {
				ALWAYS_EMBED_SWIFT_STANDARD_LIBRARIES = YES;
				CODE_SIGN_STYLE = Automatic;
				CURRENT_PROJECT_VERSION = 1;
				DEVELOPMENT_TEAM = YNMVQCYBUU;
				GENERATE_INFOPLIST_FILE = YES;
				MARKETING_VERSION = 1.0;
				PRODUCT_BUNDLE_IDENTIFIER = com.ckaktsis.DataTests;
				PRODUCT_NAME = "$(TARGET_NAME)";
				SWIFT_EMIT_LOC_STRINGS = NO;
				SWIFT_VERSION = 5.0;
				TARGETED_DEVICE_FAMILY = "1,2";
			};
			name = Release;
		};
/* End XCBuildConfiguration section */

/* Begin XCConfigurationList section */
		C1F48D242C5A206E00625C30 /* Build configuration list for PBXProject "Data" */ = {
			isa = XCConfigurationList;
			buildConfigurations = (
				C1F48D3C2C5A206E00625C30 /* Debug */,
				C1F48D3D2C5A206E00625C30 /* Release */,
			);
			defaultConfigurationIsVisible = 0;
			defaultConfigurationName = Release;
		};
		C1F48D3E2C5A206E00625C30 /* Build configuration list for PBXNativeTarget "Data" */ = {
			isa = XCConfigurationList;
			buildConfigurations = (
				C1F48D3F2C5A206E00625C30 /* Debug */,
				C1F48D402C5A206E00625C30 /* Release */,
			);
			defaultConfigurationIsVisible = 0;
			defaultConfigurationName = Release;
		};
		C1F48D412C5A206E00625C30 /* Build configuration list for PBXNativeTarget "DataTests" */ = {
			isa = XCConfigurationList;
			buildConfigurations = (
				C1F48D422C5A206E00625C30 /* Debug */,
				C1F48D432C5A206E00625C30 /* Release */,
			);
			defaultConfigurationIsVisible = 0;
			defaultConfigurationName = Release;
		};
/* End XCConfigurationList section */
	};
	rootObject = C1F48D212C5A206E00625C30 /* Project object */;
}
