// !$*UTF8*$!
{
	archiveVersion = 1;
	classes = {
	};
	objectVersion = 56;
	objects = {

/* Begin PBXBuildFile section */
		15C7D06744BBB030DEE6AEA4 /* Pods_Presentation.framework in Frameworks */ = {isa = PBXBuildFile; fileRef = 6FD67E69205A003635F64978 /* Pods_Presentation.framework */; };
		C14963FC2C7CC1A4009D3397 /* _Ext_PokemonType.swift in Sources */ = {isa = PBXBuildFile; fileRef = C14963FB2C7CC1A4009D3397 /* _Ext_PokemonType.swift */; };
		C17196D12C78CCD700AA3459 /* ColorPalette.swift in Sources */ = {isa = PBXBuildFile; fileRef = C17196D02C78CCD700AA3459 /* ColorPalette.swift */; };
		C17196D42C78CD7300AA3459 /* _Ext_UIColor.swift in Sources */ = {isa = PBXBuildFile; fileRef = C17196D32C78CD7300AA3459 /* _Ext_UIColor.swift */; };
		C1AF60052C777B5D005614A3 /* PokemonView.swift in Sources */ = {isa = PBXBuildFile; fileRef = C1AF60042C777B5D005614A3 /* PokemonView.swift */; };
		C1CCF9582C7E0FFF005B16A0 /* Data.framework in Frameworks */ = {isa = PBXBuildFile; fileRef = C1DF9BB72C5CF82D006B8CF8 /* Data.framework */; };
		C1CCF9592C7E1004005B16A0 /* Domain.framework in Frameworks */ = {isa = PBXBuildFile; fileRef = C1BA72E22C2D563E007E28A5 /* Domain.framework */; };
		C1D446782C735F1800443807 /* PokemonListScreen.swift in Sources */ = {isa = PBXBuildFile; fileRef = C1D446772C735F1800443807 /* PokemonListScreen.swift */; };
		C1DF9BB02C5CF7BE006B8CF8 /* InjectDataContexts.swift in Sources */ = {isa = PBXBuildFile; fileRef = C1DF9BAF2C5CF7BE006B8CF8 /* InjectDataContexts.swift */; };
		C1EDDFE42C2AFFAC00D6FA62 /* Presentation.docc in Sources */ = {isa = PBXBuildFile; fileRef = C1EDDFE32C2AFFAC00D6FA62 /* Presentation.docc */; };
		C1EDDFEA2C2AFFAC00D6FA62 /* Presentation.framework in Frameworks */ = {isa = PBXBuildFile; fileRef = C1EDDFDF2C2AFFAC00D6FA62 /* Presentation.framework */; };
		C1EDDFEF2C2AFFAC00D6FA62 /* PresentationTests.swift in Sources */ = {isa = PBXBuildFile; fileRef = C1EDDFEE2C2AFFAC00D6FA62 /* PresentationTests.swift */; };
		C1EDDFF02C2AFFAC00D6FA62 /* Presentation.h in Headers */ = {isa = PBXBuildFile; fileRef = C1EDDFE22C2AFFAC00D6FA62 /* Presentation.h */; settings = {ATTRIBUTES = (Public, ); }; };
		C1F854012C2BFAF5003EBA99 /* PokemonListViewModel.swift in Sources */ = {isa = PBXBuildFile; fileRef = C1F854002C2BFAF5003EBA99 /* PokemonListViewModel.swift */; };
		C1F854042C2BFBBE003EBA99 /* PokemonListVC.swift in Sources */ = {isa = PBXBuildFile; fileRef = C1F854022C2BFBBE003EBA99 /* PokemonListVC.swift */; };
		C1F854052C2BFBBE003EBA99 /* PokemonListVC.xib in Resources */ = {isa = PBXBuildFile; fileRef = C1F854032C2BFBBE003EBA99 /* PokemonListVC.xib */; };
		C1F8545E2C2C1AA5003EBA99 /* BaseNavigation.swift in Sources */ = {isa = PBXBuildFile; fileRef = C1F8545D2C2C1AA5003EBA99 /* BaseNavigation.swift */; };
		C1F854642C2C1AC3003EBA99 /* Coordinator.swift in Sources */ = {isa = PBXBuildFile; fileRef = C1F854632C2C1AC3003EBA99 /* Coordinator.swift */; };
		C1F854672C2C1B74003EBA99 /* PokemonCoordinator.swift in Sources */ = {isa = PBXBuildFile; fileRef = C1F854662C2C1B74003EBA99 /* PokemonCoordinator.swift */; };
		C1F854692C2C1DD2003EBA99 /* BaseViewModel.swift in Sources */ = {isa = PBXBuildFile; fileRef = C1F854682C2C1DD2003EBA99 /* BaseViewModel.swift */; };
/* End PBXBuildFile section */

/* Begin PBXContainerItemProxy section */
		C1BA72E12C2D563E007E28A5 /* PBXContainerItemProxy */ = {
			isa = PBXContainerItemProxy;
			containerPortal = C1BA72DC2C2D563E007E28A5 /* Domain.xcodeproj */;
			proxyType = 2;
			remoteGlobalIDString = C1EDDFA12C2AA13E00D6FA62;
			remoteInfo = Domain;
		};
		C1BA72E32C2D563E007E28A5 /* PBXContainerItemProxy */ = {
			isa = PBXContainerItemProxy;
			containerPortal = C1BA72DC2C2D563E007E28A5 /* Domain.xcodeproj */;
			proxyType = 2;
			remoteGlobalIDString = C1EDDFAB2C2AA13E00D6FA62;
			remoteInfo = DomainTests;
		};
		C1DF9BB62C5CF82D006B8CF8 /* PBXContainerItemProxy */ = {
			isa = PBXContainerItemProxy;
			containerPortal = C1DF9BB12C5CF82D006B8CF8 /* Data.xcodeproj */;
			proxyType = 2;
			remoteGlobalIDString = C1F48D2A2C5A206E00625C30;
			remoteInfo = Data;
		};
		C1DF9BB82C5CF82D006B8CF8 /* PBXContainerItemProxy */ = {
			isa = PBXContainerItemProxy;
			containerPortal = C1DF9BB12C5CF82D006B8CF8 /* Data.xcodeproj */;
			proxyType = 2;
			remoteGlobalIDString = C1F48D342C5A206E00625C30;
			remoteInfo = DataTests;
		};
		C1EDDFEB2C2AFFAC00D6FA62 /* PBXContainerItemProxy */ = {
			isa = PBXContainerItemProxy;
			containerPortal = C1EDDFD62C2AFFAC00D6FA62 /* Project object */;
			proxyType = 1;
			remoteGlobalIDString = C1EDDFDE2C2AFFAC00D6FA62;
			remoteInfo = Presentation;
		};
/* End PBXContainerItemProxy section */

/* Begin PBXFileReference section */
		4808BEF0768D28E65F2DE9D2 /* Pods-Presentation.debug.xcconfig */ = {isa = PBXFileReference; includeInIndex = 1; lastKnownFileType = text.xcconfig; name = "Pods-Presentation.debug.xcconfig"; path = "Target Support Files/Pods-Presentation/Pods-Presentation.debug.xcconfig"; sourceTree = "<group>"; };
		6FD67E69205A003635F64978 /* Pods_Presentation.framework */ = {isa = PBXFileReference; explicitFileType = wrapper.framework; includeInIndex = 0; path = Pods_Presentation.framework; sourceTree = BUILT_PRODUCTS_DIR; };
		C14963FB2C7CC1A4009D3397 /* _Ext_PokemonType.swift */ = {isa = PBXFileReference; lastKnownFileType = sourcecode.swift; path = _Ext_PokemonType.swift; sourceTree = "<group>"; };
		C17196D02C78CCD700AA3459 /* ColorPalette.swift */ = {isa = PBXFileReference; lastKnownFileType = sourcecode.swift; path = ColorPalette.swift; sourceTree = "<group>"; };
		C17196D32C78CD7300AA3459 /* _Ext_UIColor.swift */ = {isa = PBXFileReference; lastKnownFileType = sourcecode.swift; path = _Ext_UIColor.swift; sourceTree = "<group>"; };
		C1AF60042C777B5D005614A3 /* PokemonView.swift */ = {isa = PBXFileReference; lastKnownFileType = sourcecode.swift; path = PokemonView.swift; sourceTree = "<group>"; };
		C1BA72DC2C2D563E007E28A5 /* Domain.xcodeproj */ = {isa = PBXFileReference; lastKnownFileType = "wrapper.pb-project"; name = Domain.xcodeproj; path = ../../../Domain/Domain.xcodeproj; sourceTree = "<group>"; };
		C1D446772C735F1800443807 /* PokemonListScreen.swift */ = {isa = PBXFileReference; lastKnownFileType = sourcecode.swift; path = PokemonListScreen.swift; sourceTree = "<group>"; };
		C1DF9BAF2C5CF7BE006B8CF8 /* InjectDataContexts.swift */ = {isa = PBXFileReference; lastKnownFileType = sourcecode.swift; path = InjectDataContexts.swift; sourceTree = "<group>"; };
		C1DF9BB12C5CF82D006B8CF8 /* Data.xcodeproj */ = {isa = PBXFileReference; lastKnownFileType = "wrapper.pb-project"; name = Data.xcodeproj; path = ../../../Data/Data.xcodeproj; sourceTree = "<group>"; };
		C1EDDFDF2C2AFFAC00D6FA62 /* Presentation.framework */ = {isa = PBXFileReference; explicitFileType = wrapper.framework; includeInIndex = 0; path = Presentation.framework; sourceTree = BUILT_PRODUCTS_DIR; };
		C1EDDFE22C2AFFAC00D6FA62 /* Presentation.h */ = {isa = PBXFileReference; lastKnownFileType = sourcecode.c.h; path = Presentation.h; sourceTree = "<group>"; };
		C1EDDFE32C2AFFAC00D6FA62 /* Presentation.docc */ = {isa = PBXFileReference; lastKnownFileType = folder.documentationcatalog; path = Presentation.docc; sourceTree = "<group>"; };
		C1EDDFE92C2AFFAC00D6FA62 /* PresentationTests.xctest */ = {isa = PBXFileReference; explicitFileType = wrapper.cfbundle; includeInIndex = 0; path = PresentationTests.xctest; sourceTree = BUILT_PRODUCTS_DIR; };
		C1EDDFEE2C2AFFAC00D6FA62 /* PresentationTests.swift */ = {isa = PBXFileReference; lastKnownFileType = sourcecode.swift; path = PresentationTests.swift; sourceTree = "<group>"; };
		C1F854002C2BFAF5003EBA99 /* PokemonListViewModel.swift */ = {isa = PBXFileReference; lastKnownFileType = sourcecode.swift; path = PokemonListViewModel.swift; sourceTree = "<group>"; };
		C1F854022C2BFBBE003EBA99 /* PokemonListVC.swift */ = {isa = PBXFileReference; lastKnownFileType = sourcecode.swift; path = PokemonListVC.swift; sourceTree = "<group>"; };
		C1F854032C2BFBBE003EBA99 /* PokemonListVC.xib */ = {isa = PBXFileReference; lastKnownFileType = file.xib; path = PokemonListVC.xib; sourceTree = "<group>"; };
		C1F8545D2C2C1AA5003EBA99 /* BaseNavigation.swift */ = {isa = PBXFileReference; lastKnownFileType = sourcecode.swift; path = BaseNavigation.swift; sourceTree = "<group>"; };
		C1F854632C2C1AC3003EBA99 /* Coordinator.swift */ = {isa = PBXFileReference; lastKnownFileType = sourcecode.swift; path = Coordinator.swift; sourceTree = "<group>"; };
		C1F854662C2C1B74003EBA99 /* PokemonCoordinator.swift */ = {isa = PBXFileReference; lastKnownFileType = sourcecode.swift; path = PokemonCoordinator.swift; sourceTree = "<group>"; };
		C1F854682C2C1DD2003EBA99 /* BaseViewModel.swift */ = {isa = PBXFileReference; lastKnownFileType = sourcecode.swift; path = BaseViewModel.swift; sourceTree = "<group>"; };
		D2F2BEBADB7917362F369156 /* Pods-Presentation.release.xcconfig */ = {isa = PBXFileReference; includeInIndex = 1; lastKnownFileType = text.xcconfig; name = "Pods-Presentation.release.xcconfig"; path = "Target Support Files/Pods-Presentation/Pods-Presentation.release.xcconfig"; sourceTree = "<group>"; };
/* End PBXFileReference section */

/* Begin PBXFrameworksBuildPhase section */
		C1EDDFDC2C2AFFAC00D6FA62 /* Frameworks */ = {
			isa = PBXFrameworksBuildPhase;
			buildActionMask = 2147483647;
			files = (
				C1CCF9592C7E1004005B16A0 /* Domain.framework in Frameworks */,
				C1CCF9582C7E0FFF005B16A0 /* Data.framework in Frameworks */,
				15C7D06744BBB030DEE6AEA4 /* Pods_Presentation.framework in Frameworks */,
			);
			runOnlyForDeploymentPostprocessing = 0;
		};
		C1EDDFE62C2AFFAC00D6FA62 /* Frameworks */ = {
			isa = PBXFrameworksBuildPhase;
			buildActionMask = 2147483647;
			files = (
				C1EDDFEA2C2AFFAC00D6FA62 /* Presentation.framework in Frameworks */,
			);
			runOnlyForDeploymentPostprocessing = 0;
		};
/* End PBXFrameworksBuildPhase section */

/* Begin PBXGroup section */
		941A325E75E87C5C95758445 /* Pods */ = {
			isa = PBXGroup;
			children = (
				4808BEF0768D28E65F2DE9D2 /* Pods-Presentation.debug.xcconfig */,
				D2F2BEBADB7917362F369156 /* Pods-Presentation.release.xcconfig */,
			);
			name = Pods;
			path = ../Pods;
			sourceTree = "<group>";
		};
		C17196C82C78CBC200AA3459 /* Helpers */ = {
			isa = PBXGroup;
			children = (
				C17196D22C78CD6200AA3459 /* Extensions */,
				C17196D02C78CCD700AA3459 /* ColorPalette.swift */,
			);
			path = Helpers;
			sourceTree = "<group>";
		};
		C17196D22C78CD6200AA3459 /* Extensions */ = {
			isa = PBXGroup;
			children = (
				C17196D32C78CD7300AA3459 /* _Ext_UIColor.swift */,
				C14963FB2C7CC1A4009D3397 /* _Ext_PokemonType.swift */,
			);
			path = Extensions;
			sourceTree = "<group>";
		};
		C1AF5FFF2C7779E5005614A3 /* SwiftUI */ = {
			isa = PBXGroup;
			children = (
				C1AF60042C777B5D005614A3 /* PokemonView.swift */,
			);
			path = SwiftUI;
			sourceTree = "<group>";
		};
		C1BA72DB2C2D5611007E28A5 /* Dependecies */ = {
			isa = PBXGroup;
			children = (
				C1DF9BB12C5CF82D006B8CF8 /* Data.xcodeproj */,
				C1BA72DC2C2D563E007E28A5 /* Domain.xcodeproj */,
			);
			path = Dependecies;
			sourceTree = "<group>";
		};
		C1BA72DD2C2D563E007E28A5 /* Products */ = {
			isa = PBXGroup;
			children = (
				C1BA72E22C2D563E007E28A5 /* Domain.framework */,
				C1BA72E42C2D563E007E28A5 /* DomainTests.xctest */,
			);
			name = Products;
			sourceTree = "<group>";
		};
		C1DF9BAC2C5CF7B5006B8CF8 /* Di */ = {
			isa = PBXGroup;
			children = (
				C1DF9BAF2C5CF7BE006B8CF8 /* InjectDataContexts.swift */,
			);
			path = Di;
			sourceTree = "<group>";
		};
		C1DF9BB22C5CF82D006B8CF8 /* Products */ = {
			isa = PBXGroup;
			children = (
				C1DF9BB72C5CF82D006B8CF8 /* Data.framework */,
				C1DF9BB92C5CF82D006B8CF8 /* DataTests.xctest */,
			);
			name = Products;
			sourceTree = "<group>";
		};
		C1EDDFD52C2AFFAC00D6FA62 = {
			isa = PBXGroup;
			children = (
				C1EDDFE12C2AFFAC00D6FA62 /* Presentation */,
				C1EDDFED2C2AFFAC00D6FA62 /* PresentationTests */,
				C1EDDFE02C2AFFAC00D6FA62 /* Products */,
				941A325E75E87C5C95758445 /* Pods */,
				EA3E76A8246982A545F8C89E /* Frameworks */,
			);
			sourceTree = "<group>";
		};
		C1EDDFE02C2AFFAC00D6FA62 /* Products */ = {
			isa = PBXGroup;
			children = (
				C1EDDFDF2C2AFFAC00D6FA62 /* Presentation.framework */,
				C1EDDFE92C2AFFAC00D6FA62 /* PresentationTests.xctest */,
			);
			name = Products;
			sourceTree = "<group>";
		};
		C1EDDFE12C2AFFAC00D6FA62 /* Presentation */ = {
			isa = PBXGroup;
			children = (
				C17196C82C78CBC200AA3459 /* Helpers */,
				C1DF9BAC2C5CF7B5006B8CF8 /* Di */,
				C1BA72DB2C2D5611007E28A5 /* Dependecies */,
				C1F8546A2C2C2B50003EBA99 /* Components */,
				C1F8545C2C2C1A92003EBA99 /* Navigation */,
				C1F853FF2C2BFAD5003EBA99 /* Pokemon */,
				C1EDDFE22C2AFFAC00D6FA62 /* Presentation.h */,
				C1EDDFE32C2AFFAC00D6FA62 /* Presentation.docc */,
				C1F854682C2C1DD2003EBA99 /* BaseViewModel.swift */,
			);
			path = Presentation;
			sourceTree = "<group>";
		};
		C1EDDFED2C2AFFAC00D6FA62 /* PresentationTests */ = {
			isa = PBXGroup;
			children = (
				C1EDDFEE2C2AFFAC00D6FA62 /* PresentationTests.swift */,
			);
			path = PresentationTests;
			sourceTree = "<group>";
		};
		C1F853FF2C2BFAD5003EBA99 /* Pokemon */ = {
			isa = PBXGroup;
			children = (
				C1F854002C2BFAF5003EBA99 /* PokemonListViewModel.swift */,
				C1F854022C2BFBBE003EBA99 /* PokemonListVC.swift */,
				C1F854032C2BFBBE003EBA99 /* PokemonListVC.xib */,
				C1D446772C735F1800443807 /* PokemonListScreen.swift */,
			);
			path = Pokemon;
			sourceTree = "<group>";
		};
		C1F8545C2C2C1A92003EBA99 /* Navigation */ = {
			isa = PBXGroup;
			children = (
				C1F854652C2C1B39003EBA99 /* Coordinators */,
				C1F8545D2C2C1AA5003EBA99 /* BaseNavigation.swift */,
				C1F854632C2C1AC3003EBA99 /* Coordinator.swift */,
			);
			path = Navigation;
			sourceTree = "<group>";
		};
		C1F854652C2C1B39003EBA99 /* Coordinators */ = {
			isa = PBXGroup;
			children = (
				C1F854662C2C1B74003EBA99 /* PokemonCoordinator.swift */,
			);
			path = Coordinators;
			sourceTree = "<group>";
		};
		C1F8546A2C2C2B50003EBA99 /* Components */ = {
			isa = PBXGroup;
			children = (
				C1AF5FFF2C7779E5005614A3 /* SwiftUI */,
			);
			path = Components;
			sourceTree = "<group>";
		};
		EA3E76A8246982A545F8C89E /* Frameworks */ = {
			isa = PBXGroup;
			children = (
				6FD67E69205A003635F64978 /* Pods_Presentation.framework */,
			);
			name = Frameworks;
			sourceTree = "<group>";
		};
/* End PBXGroup section */

/* Begin PBXHeadersBuildPhase section */
		C1EDDFDA2C2AFFAC00D6FA62 /* Headers */ = {
			isa = PBXHeadersBuildPhase;
			buildActionMask = 2147483647;
			files = (
				C1EDDFF02C2AFFAC00D6FA62 /* Presentation.h in Headers */,
			);
			runOnlyForDeploymentPostprocessing = 0;
		};
/* End PBXHeadersBuildPhase section */

/* Begin PBXNativeTarget section */
		C1EDDFDE2C2AFFAC00D6FA62 /* Presentation */ = {
			isa = PBXNativeTarget;
			buildConfigurationList = C1EDDFF32C2AFFAC00D6FA62 /* Build configuration list for PBXNativeTarget "Presentation" */;
			buildPhases = (
				463E67EA4C1A19E9344D323B /* [CP] Check Pods Manifest.lock */,
				C1EDDFDA2C2AFFAC00D6FA62 /* Headers */,
				C1EDDFDB2C2AFFAC00D6FA62 /* Sources */,
				C1EDDFDC2C2AFFAC00D6FA62 /* Frameworks */,
				C1EDDFDD2C2AFFAC00D6FA62 /* Resources */,
			);
			buildRules = (
			);
			dependencies = (
			);
			name = Presentation;
			productName = Presentation;
			productReference = C1EDDFDF2C2AFFAC00D6FA62 /* Presentation.framework */;
			productType = "com.apple.product-type.framework";
		};
		C1EDDFE82C2AFFAC00D6FA62 /* PresentationTests */ = {
			isa = PBXNativeTarget;
			buildConfigurationList = C1EDDFF62C2AFFAC00D6FA62 /* Build configuration list for PBXNativeTarget "PresentationTests" */;
			buildPhases = (
				C1EDDFE52C2AFFAC00D6FA62 /* Sources */,
				C1EDDFE62C2AFFAC00D6FA62 /* Frameworks */,
				C1EDDFE72C2AFFAC00D6FA62 /* Resources */,
			);
			buildRules = (
			);
			dependencies = (
				C1EDDFEC2C2AFFAC00D6FA62 /* PBXTargetDependency */,
			);
			name = PresentationTests;
			productName = PresentationTests;
			productReference = C1EDDFE92C2AFFAC00D6FA62 /* PresentationTests.xctest */;
			productType = "com.apple.product-type.bundle.unit-test";
		};
/* End PBXNativeTarget section */

/* Begin PBXProject section */
		C1EDDFD62C2AFFAC00D6FA62 /* Project object */ = {
			isa = PBXProject;
			attributes = {
				BuildIndependentTargetsInParallel = 1;
				LastSwiftUpdateCheck = 1520;
				LastUpgradeCheck = 1520;
				TargetAttributes = {
					C1EDDFDE2C2AFFAC00D6FA62 = {
						CreatedOnToolsVersion = 15.2;
					};
					C1EDDFE82C2AFFAC00D6FA62 = {
						CreatedOnToolsVersion = 15.2;
					};
				};
			};
			buildConfigurationList = C1EDDFD92C2AFFAC00D6FA62 /* Build configuration list for PBXProject "Presentation" */;
			compatibilityVersion = "Xcode 14.0";
			developmentRegion = en;
			hasScannedForEncodings = 0;
			knownRegions = (
				en,
				Base,
			);
			mainGroup = C1EDDFD52C2AFFAC00D6FA62;
			productRefGroup = C1EDDFE02C2AFFAC00D6FA62 /* Products */;
			projectDirPath = "";
			projectReferences = (
				{
					ProductGroup = C1DF9BB22C5CF82D006B8CF8 /* Products */;
					ProjectRef = C1DF9BB12C5CF82D006B8CF8 /* Data.xcodeproj */;
				},
				{
					ProductGroup = C1BA72DD2C2D563E007E28A5 /* Products */;
					ProjectRef = C1BA72DC2C2D563E007E28A5 /* Domain.xcodeproj */;
				},
			);
			projectRoot = "";
			targets = (
				C1EDDFDE2C2AFFAC00D6FA62 /* Presentation */,
				C1EDDFE82C2AFFAC00D6FA62 /* PresentationTests */,
			);
		};
/* End PBXProject section */

/* Begin PBXReferenceProxy section */
		C1BA72E22C2D563E007E28A5 /* Domain.framework */ = {
			isa = PBXReferenceProxy;
			fileType = wrapper.framework;
			path = Domain.framework;
			remoteRef = C1BA72E12C2D563E007E28A5 /* PBXContainerItemProxy */;
			sourceTree = BUILT_PRODUCTS_DIR;
		};
		C1BA72E42C2D563E007E28A5 /* DomainTests.xctest */ = {
			isa = PBXReferenceProxy;
			fileType = wrapper.cfbundle;
			path = DomainTests.xctest;
			remoteRef = C1BA72E32C2D563E007E28A5 /* PBXContainerItemProxy */;
			sourceTree = BUILT_PRODUCTS_DIR;
		};
		C1DF9BB72C5CF82D006B8CF8 /* Data.framework */ = {
			isa = PBXReferenceProxy;
			fileType = wrapper.framework;
			path = Data.framework;
			remoteRef = C1DF9BB62C5CF82D006B8CF8 /* PBXContainerItemProxy */;
			sourceTree = BUILT_PRODUCTS_DIR;
		};
		C1DF9BB92C5CF82D006B8CF8 /* DataTests.xctest */ = {
			isa = PBXReferenceProxy;
			fileType = wrapper.cfbundle;
			path = DataTests.xctest;
			remoteRef = C1DF9BB82C5CF82D006B8CF8 /* PBXContainerItemProxy */;
			sourceTree = BUILT_PRODUCTS_DIR;
		};
/* End PBXReferenceProxy section */

/* Begin PBXResourcesBuildPhase section */
		C1EDDFDD2C2AFFAC00D6FA62 /* Resources */ = {
			isa = PBXResourcesBuildPhase;
			buildActionMask = 2147483647;
			files = (
				C1F854052C2BFBBE003EBA99 /* PokemonListVC.xib in Resources */,
			);
			runOnlyForDeploymentPostprocessing = 0;
		};
		C1EDDFE72C2AFFAC00D6FA62 /* Resources */ = {
			isa = PBXResourcesBuildPhase;
			buildActionMask = 2147483647;
			files = (
			);
			runOnlyForDeploymentPostprocessing = 0;
		};
/* End PBXResourcesBuildPhase section */

/* Begin PBXShellScriptBuildPhase section */
		463E67EA4C1A19E9344D323B /* [CP] Check Pods Manifest.lock */ = {
			isa = PBXShellScriptBuildPhase;
			buildActionMask = 2147483647;
			files = (
			);
			inputFileListPaths = (
			);
			inputPaths = (
				"${PODS_PODFILE_DIR_PATH}/Podfile.lock",
				"${PODS_ROOT}/Manifest.lock",
			);
			name = "[CP] Check Pods Manifest.lock";
			outputFileListPaths = (
			);
			outputPaths = (
				"$(DERIVED_FILE_DIR)/Pods-Presentation-checkManifestLockResult.txt",
			);
			runOnlyForDeploymentPostprocessing = 0;
			shellPath = /bin/sh;
			shellScript = "diff \"${PODS_PODFILE_DIR_PATH}/Podfile.lock\" \"${PODS_ROOT}/Manifest.lock\" > /dev/null\nif [ $? != 0 ] ; then\n    # print error to STDERR\n    echo \"error: The sandbox is not in sync with the Podfile.lock. Run 'pod install' or update your CocoaPods installation.\" >&2\n    exit 1\nfi\n# This output is used by Xcode 'outputs' to avoid re-running this script phase.\necho \"SUCCESS\" > \"${SCRIPT_OUTPUT_FILE_0}\"\n";
			showEnvVarsInLog = 0;
		};
/* End PBXShellScriptBuildPhase section */

/* Begin PBXSourcesBuildPhase section */
		C1EDDFDB2C2AFFAC00D6FA62 /* Sources */ = {
			isa = PBXSourcesBuildPhase;
			buildActionMask = 2147483647;
			files = (
				C14963FC2C7CC1A4009D3397 /* _Ext_PokemonType.swift in Sources */,
				C1F854012C2BFAF5003EBA99 /* PokemonListViewModel.swift in Sources */,
				C1F854042C2BFBBE003EBA99 /* PokemonListVC.swift in Sources */,
				C1DF9BB02C5CF7BE006B8CF8 /* InjectDataContexts.swift in Sources */,
				C1F854672C2C1B74003EBA99 /* PokemonCoordinator.swift in Sources */,
				C1F854692C2C1DD2003EBA99 /* BaseViewModel.swift in Sources */,
				C1D446782C735F1800443807 /* PokemonListScreen.swift in Sources */,
				C1F854642C2C1AC3003EBA99 /* Coordinator.swift in Sources */,
				C1F8545E2C2C1AA5003EBA99 /* BaseNavigation.swift in Sources */,
				C1AF60052C777B5D005614A3 /* PokemonView.swift in Sources */,
				C17196D42C78CD7300AA3459 /* _Ext_UIColor.swift in Sources */,
				C1EDDFE42C2AFFAC00D6FA62 /* Presentation.docc in Sources */,
				C17196D12C78CCD700AA3459 /* ColorPalette.swift in Sources */,
			);
			runOnlyForDeploymentPostprocessing = 0;
		};
		C1EDDFE52C2AFFAC00D6FA62 /* Sources */ = {
			isa = PBXSourcesBuildPhase;
			buildActionMask = 2147483647;
			files = (
				C1EDDFEF2C2AFFAC00D6FA62 /* PresentationTests.swift in Sources */,
			);
			runOnlyForDeploymentPostprocessing = 0;
		};
/* End PBXSourcesBuildPhase section */

/* Begin PBXTargetDependency section */
		C1EDDFEC2C2AFFAC00D6FA62 /* PBXTargetDependency */ = {
			isa = PBXTargetDependency;
			target = C1EDDFDE2C2AFFAC00D6FA62 /* Presentation */;
			targetProxy = C1EDDFEB2C2AFFAC00D6FA62 /* PBXContainerItemProxy */;
		};
/* End PBXTargetDependency section */

/* Begin XCBuildConfiguration section */
		C1EDDFF12C2AFFAC00D6FA62 /* Debug */ = {
			isa = XCBuildConfiguration;
			buildSettings = {
				ALWAYS_SEARCH_USER_PATHS = NO;
				ASSETCATALOG_COMPILER_GENERATE_SWIFT_ASSET_SYMBOL_EXTENSIONS = YES;
				CLANG_ANALYZER_NONNULL = YES;
				CLANG_ANALYZER_NUMBER_OBJECT_CONVERSION = YES_AGGRESSIVE;
				CLANG_CXX_LANGUAGE_STANDARD = "gnu++20";
				CLANG_ENABLE_MODULES = YES;
				CLANG_ENABLE_OBJC_ARC = YES;
				CLANG_ENABLE_OBJC_WEAK = YES;
				CLANG_WARN_BLOCK_CAPTURE_AUTORELEASING = YES;
				CLANG_WARN_BOOL_CONVERSION = YES;
				CLANG_WARN_COMMA = YES;
				CLANG_WARN_CONSTANT_CONVERSION = YES;
				CLANG_WARN_DEPRECATED_OBJC_IMPLEMENTATIONS = YES;
				CLANG_WARN_DIRECT_OBJC_ISA_USAGE = YES_ERROR;
				CLANG_WARN_DOCUMENTATION_COMMENTS = YES;
				CLANG_WARN_EMPTY_BODY = YES;
				CLANG_WARN_ENUM_CONVERSION = YES;
				CLANG_WARN_INFINITE_RECURSION = YES;
				CLANG_WARN_INT_CONVERSION = YES;
				CLANG_WARN_NON_LITERAL_NULL_CONVERSION = YES;
				CLANG_WARN_OBJC_IMPLICIT_RETAIN_SELF = YES;
				CLANG_WARN_OBJC_LITERAL_CONVERSION = YES;
				CLANG_WARN_OBJC_ROOT_CLASS = YES_ERROR;
				CLANG_WARN_QUOTED_INCLUDE_IN_FRAMEWORK_HEADER = YES;
				CLANG_WARN_RANGE_LOOP_ANALYSIS = YES;
				CLANG_WARN_STRICT_PROTOTYPES = YES;
				CLANG_WARN_SUSPICIOUS_MOVE = YES;
				CLANG_WARN_UNGUARDED_AVAILABILITY = YES_AGGRESSIVE;
				CLANG_WARN_UNREACHABLE_CODE = YES;
				CLANG_WARN__DUPLICATE_METHOD_MATCH = YES;
				COPY_PHASE_STRIP = NO;
				CURRENT_PROJECT_VERSION = 1;
				DEBUG_INFORMATION_FORMAT = dwarf;
				ENABLE_STRICT_OBJC_MSGSEND = YES;
				ENABLE_TESTABILITY = YES;
				ENABLE_USER_SCRIPT_SANDBOXING = YES;
				GCC_C_LANGUAGE_STANDARD = gnu17;
				GCC_DYNAMIC_NO_PIC = NO;
				GCC_NO_COMMON_BLOCKS = YES;
				GCC_OPTIMIZATION_LEVEL = 0;
				GCC_PREPROCESSOR_DEFINITIONS = (
					"DEBUG=1",
					"$(inherited)",
				);
				GCC_WARN_64_TO_32_BIT_CONVERSION = YES;
				GCC_WARN_ABOUT_RETURN_TYPE = YES_ERROR;
				GCC_WARN_UNDECLARED_SELECTOR = YES;
				GCC_WARN_UNINITIALIZED_AUTOS = YES_AGGRESSIVE;
				GCC_WARN_UNUSED_FUNCTION = YES;
				GCC_WARN_UNUSED_VARIABLE = YES;
				IPHONEOS_DEPLOYMENT_TARGET = 17.2;
				LOCALIZATION_PREFERS_STRING_CATALOGS = YES;
				MTL_ENABLE_DEBUG_INFO = INCLUDE_SOURCE;
				MTL_FAST_MATH = YES;
				ONLY_ACTIVE_ARCH = YES;
				SDKROOT = iphoneos;
				SWIFT_ACTIVE_COMPILATION_CONDITIONS = "DEBUG $(inherited)";
				SWIFT_OPTIMIZATION_LEVEL = "-Onone";
				VERSIONING_SYSTEM = "apple-generic";
				VERSION_INFO_PREFIX = "";
			};
			name = Debug;
		};
		C1EDDFF22C2AFFAC00D6FA62 /* Release */ = {
			isa = XCBuildConfiguration;
			buildSettings = {
				ALWAYS_SEARCH_USER_PATHS = NO;
				ASSETCATALOG_COMPILER_GENERATE_SWIFT_ASSET_SYMBOL_EXTENSIONS = YES;
				CLANG_ANALYZER_NONNULL = YES;
				CLANG_ANALYZER_NUMBER_OBJECT_CONVERSION = YES_AGGRESSIVE;
				CLANG_CXX_LANGUAGE_STANDARD = "gnu++20";
				CLANG_ENABLE_MODULES = YES;
				CLANG_ENABLE_OBJC_ARC = YES;
				CLANG_ENABLE_OBJC_WEAK = YES;
				CLANG_WARN_BLOCK_CAPTURE_AUTORELEASING = YES;
				CLANG_WARN_BOOL_CONVERSION = YES;
				CLANG_WARN_COMMA = YES;
				CLANG_WARN_CONSTANT_CONVERSION = YES;
				CLANG_WARN_DEPRECATED_OBJC_IMPLEMENTATIONS = YES;
				CLANG_WARN_DIRECT_OBJC_ISA_USAGE = YES_ERROR;
				CLANG_WARN_DOCUMENTATION_COMMENTS = YES;
				CLANG_WARN_EMPTY_BODY = YES;
				CLANG_WARN_ENUM_CONVERSION = YES;
				CLANG_WARN_INFINITE_RECURSION = YES;
				CLANG_WARN_INT_CONVERSION = YES;
				CLANG_WARN_NON_LITERAL_NULL_CONVERSION = YES;
				CLANG_WARN_OBJC_IMPLICIT_RETAIN_SELF = YES;
				CLANG_WARN_OBJC_LITERAL_CONVERSION = YES;
				CLANG_WARN_OBJC_ROOT_CLASS = YES_ERROR;
				CLANG_WARN_QUOTED_INCLUDE_IN_FRAMEWORK_HEADER = YES;
				CLANG_WARN_RANGE_LOOP_ANALYSIS = YES;
				CLANG_WARN_STRICT_PROTOTYPES = YES;
				CLANG_WARN_SUSPICIOUS_MOVE = YES;
				CLANG_WARN_UNGUARDED_AVAILABILITY = YES_AGGRESSIVE;
				CLANG_WARN_UNREACHABLE_CODE = YES;
				CLANG_WARN__DUPLICATE_METHOD_MATCH = YES;
				COPY_PHASE_STRIP = NO;
				CURRENT_PROJECT_VERSION = 1;
				DEBUG_INFORMATION_FORMAT = "dwarf-with-dsym";
				ENABLE_NS_ASSERTIONS = NO;
				ENABLE_STRICT_OBJC_MSGSEND = YES;
				ENABLE_USER_SCRIPT_SANDBOXING = YES;
				GCC_C_LANGUAGE_STANDARD = gnu17;
				GCC_NO_COMMON_BLOCKS = YES;
				GCC_WARN_64_TO_32_BIT_CONVERSION = YES;
				GCC_WARN_ABOUT_RETURN_TYPE = YES_ERROR;
				GCC_WARN_UNDECLARED_SELECTOR = YES;
				GCC_WARN_UNINITIALIZED_AUTOS = YES_AGGRESSIVE;
				GCC_WARN_UNUSED_FUNCTION = YES;
				GCC_WARN_UNUSED_VARIABLE = YES;
				IPHONEOS_DEPLOYMENT_TARGET = 17.2;
				LOCALIZATION_PREFERS_STRING_CATALOGS = YES;
				MTL_ENABLE_DEBUG_INFO = NO;
				MTL_FAST_MATH = YES;
				SDKROOT = iphoneos;
				SWIFT_COMPILATION_MODE = wholemodule;
				VALIDATE_PRODUCT = YES;
				VERSIONING_SYSTEM = "apple-generic";
				VERSION_INFO_PREFIX = "";
			};
			name = Release;
		};
		C1EDDFF42C2AFFAC00D6FA62 /* Debug */ = {
			isa = XCBuildConfiguration;
			baseConfigurationReference = 4808BEF0768D28E65F2DE9D2 /* Pods-Presentation.debug.xcconfig */;
			buildSettings = {
				CODE_SIGN_STYLE = Automatic;
				CURRENT_PROJECT_VERSION = 1;
				DEFINES_MODULE = YES;
				DEVELOPMENT_TEAM = YNMVQCYBUU;
				DYLIB_COMPATIBILITY_VERSION = 1;
				DYLIB_CURRENT_VERSION = 1;
				DYLIB_INSTALL_NAME_BASE = "@rpath";
				ENABLE_MODULE_VERIFIER = YES;
				GENERATE_INFOPLIST_FILE = YES;
				INFOPLIST_KEY_NSHumanReadableCopyright = "";
				INSTALL_PATH = "$(LOCAL_LIBRARY_DIR)/Frameworks";
				LD_RUNPATH_SEARCH_PATHS = (
					"$(inherited)",
					"@executable_path/Frameworks",
					"@loader_path/Frameworks",
				);
				MARKETING_VERSION = 1.0;
				MODULE_VERIFIER_SUPPORTED_LANGUAGES = "objective-c objective-c++";
				MODULE_VERIFIER_SUPPORTED_LANGUAGE_STANDARDS = "gnu17 gnu++20";
				PRODUCT_BUNDLE_IDENTIFIER = com.ckaktsis.Presentation;
				PRODUCT_NAME = "$(TARGET_NAME:c99extidentifier)";
				SKIP_INSTALL = YES;
				SWIFT_EMIT_LOC_STRINGS = YES;
				SWIFT_VERSION = 5.0;
				TARGETED_DEVICE_FAMILY = "1,2";
			};
			name = Debug;
		};
		C1EDDFF52C2AFFAC00D6FA62 /* Release */ = {
			isa = XCBuildConfiguration;
			baseConfigurationReference = D2F2BEBADB7917362F369156 /* Pods-Presentation.release.xcconfig */;
			buildSettings = {
				CODE_SIGN_STYLE = Automatic;
				CURRENT_PROJECT_VERSION = 1;
				DEFINES_MODULE = YES;
				DEVELOPMENT_TEAM = YNMVQCYBUU;
				DYLIB_COMPATIBILITY_VERSION = 1;
				DYLIB_CURRENT_VERSION = 1;
				DYLIB_INSTALL_NAME_BASE = "@rpath";
				ENABLE_MODULE_VERIFIER = YES;
				GENERATE_INFOPLIST_FILE = YES;
				INFOPLIST_KEY_NSHumanReadableCopyright = "";
				INSTALL_PATH = "$(LOCAL_LIBRARY_DIR)/Frameworks";
				LD_RUNPATH_SEARCH_PATHS = (
					"$(inherited)",
					"@executable_path/Frameworks",
					"@loader_path/Frameworks",
				);
				MARKETING_VERSION = 1.0;
				MODULE_VERIFIER_SUPPORTED_LANGUAGES = "objective-c objective-c++";
				MODULE_VERIFIER_SUPPORTED_LANGUAGE_STANDARDS = "gnu17 gnu++20";
				PRODUCT_BUNDLE_IDENTIFIER = com.ckaktsis.Presentation;
				PRODUCT_NAME = "$(TARGET_NAME:c99extidentifier)";
				SKIP_INSTALL = YES;
				SWIFT_EMIT_LOC_STRINGS = YES;
				SWIFT_VERSION = 5.0;
				TARGETED_DEVICE_FAMILY = "1,2";
			};
			name = Release;
		};
		C1EDDFF72C2AFFAC00D6FA62 /* Debug */ = {
			isa = XCBuildConfiguration;
			buildSettings = {
				ALWAYS_EMBED_SWIFT_STANDARD_LIBRARIES = YES;
				CODE_SIGN_STYLE = Automatic;
				CURRENT_PROJECT_VERSION = 1;
				DEVELOPMENT_TEAM = YNMVQCYBUU;
				GENERATE_INFOPLIST_FILE = YES;
				MARKETING_VERSION = 1.0;
				PRODUCT_BUNDLE_IDENTIFIER = com.ckaktsis.PresentationTests;
				PRODUCT_NAME = "$(TARGET_NAME)";
				SWIFT_EMIT_LOC_STRINGS = NO;
				SWIFT_VERSION = 5.0;
				TARGETED_DEVICE_FAMILY = "1,2";
			};
			name = Debug;
		};
		C1EDDFF82C2AFFAC00D6FA62 /* Release */ = {
			isa = XCBuildConfiguration;
			buildSettings = {
				ALWAYS_EMBED_SWIFT_STANDARD_LIBRARIES = YES;
				CODE_SIGN_STYLE = Automatic;
				CURRENT_PROJECT_VERSION = 1;
				DEVELOPMENT_TEAM = YNMVQCYBUU;
				GENERATE_INFOPLIST_FILE = YES;
				MARKETING_VERSION = 1.0;
				PRODUCT_BUNDLE_IDENTIFIER = com.ckaktsis.PresentationTests;
				PRODUCT_NAME = "$(TARGET_NAME)";
				SWIFT_EMIT_LOC_STRINGS = NO;
				SWIFT_VERSION = 5.0;
				TARGETED_DEVICE_FAMILY = "1,2";
			};
			name = Release;
		};
/* End XCBuildConfiguration section */

/* Begin XCConfigurationList section */
		C1EDDFD92C2AFFAC00D6FA62 /* Build configuration list for PBXProject "Presentation" */ = {
			isa = XCConfigurationList;
			buildConfigurations = (
				C1EDDFF12C2AFFAC00D6FA62 /* Debug */,
				C1EDDFF22C2AFFAC00D6FA62 /* Release */,
			);
			defaultConfigurationIsVisible = 0;
			defaultConfigurationName = Release;
		};
		C1EDDFF32C2AFFAC00D6FA62 /* Build configuration list for PBXNativeTarget "Presentation" */ = {
			isa = XCConfigurationList;
			buildConfigurations = (
				C1EDDFF42C2AFFAC00D6FA62 /* Debug */,
				C1EDDFF52C2AFFAC00D6FA62 /* Release */,
			);
			defaultConfigurationIsVisible = 0;
			defaultConfigurationName = Release;
		};
		C1EDDFF62C2AFFAC00D6FA62 /* Build configuration list for PBXNativeTarget "PresentationTests" */ = {
			isa = XCConfigurationList;
			buildConfigurations = (
				C1EDDFF72C2AFFAC00D6FA62 /* Debug */,
				C1EDDFF82C2AFFAC00D6FA62 /* Release */,
			);
			defaultConfigurationIsVisible = 0;
			defaultConfigurationName = Release;
		};
/* End XCConfigurationList section */
	};
	rootObject = C1EDDFD62C2AFFAC00D6FA62 /* Project object */;
}
